// !$*UTF8*$!
{
	archiveVersion = 1;
	classes = {
	};
	objectVersion = 90;
	objects = {

/* Begin PBXBuildFile section */
		01E366562FAA4505B9775ACB /* PindropApp.swift in Sources */ = {isa = PBXBuildFile; fileRef = 01E366552FAA4505B9775ACB /* PindropApp.swift */; };
		044201dbd4cc4a29bd49c2e6 /* AudioRecorderTests.swift in Sources */ = {isa = PBXBuildFile; fileRef = 8b6f20a4a9dd4d65a428336a /* AudioRecorderTests.swift */; };
		0588BEAA2351458CB276E230 /* GeneralSettingsView.swift in Sources */ = {isa = PBXBuildFile; fileRef = 8B0A66F0A9C04230977FF4F8 /* GeneralSettingsView.swift */; };
		DEADBEEF0000000000000001 /* UpdateSettingsView.swift in Sources */ = {isa = PBXBuildFile; fileRef = DEADBEEF0000000000000002 /* UpdateSettingsView.swift */; };
		068e6590ab3f41c7a2a40bbb /* AudioRecorder.swift in Sources */ = {isa = PBXBuildFile; fileRef = f5b1372d4c0e4e96a1ed0b59 /* AudioRecorder.swift */; };
		1158ABD0BAC14CAE88EF0D16 /* OutputManagerTests.swift in Sources */ = {isa = PBXBuildFile; fileRef = 8AED90D301B14DA19D138987 /* OutputManagerTests.swift */; };
		14FDF042180B47FFAD78DA68 /* OutputManager.swift in Sources */ = {isa = PBXBuildFile; fileRef = CB05E1BC11534652810B091F /* OutputManager.swift */; };
		232267860F877408134770BC /* HotkeySetupStepView.swift in Sources */ = {isa = PBXBuildFile; fileRef = B8642B83DE9F73D4803DE666 /* HotkeySetupStepView.swift */; };
		299088D708924A1D8ECC138D /* HotkeyManager.swift in Sources */ = {isa = PBXBuildFile; fileRef = BD0F4D7C7ADA4236A1D28249 /* HotkeyManager.swift */; };
		LAUNCHLOGINMGR01A2B3C4D5E6F /* LaunchAtLoginManager.swift in Sources */ = {isa = PBXBuildFile; fileRef = LAUNCHLOGINMGR01A2B3C4D5E6F7 /* LaunchAtLoginManager.swift */; };
		UPDATESVC01A2B3C4D5E6F /* UpdateService.swift in Sources */ = {isa = PBXBuildFile; fileRef = UPDATESVC01A2B3C4D5E6F7 /* UpdateService.swift */; };
		2F1ECEC2A1DC49B6B4E4E5B6 /* SettingsWindow.swift in Sources */ = {isa = PBXBuildFile; fileRef = B03BAE36B1E64FE6BB38D403 /* SettingsWindow.swift */; };
		3A991DE907202841FF536AB0 /* WelcomeStepView.swift in Sources */ = {isa = PBXBuildFile; fileRef = A4D32E4FB7C7333CC57974C6 /* WelcomeStepView.swift */; };
		440249066D0941BF82CA74EB /* Preview Assets.xcassets in Resources */ = {isa = PBXBuildFile; fileRef = 440249056D0941BF82CA74EB /* Preview Assets.xcassets */; };
		4C54BB46B4564F05906BBC7C /* ModelsSettingsView.swift in Sources */ = {isa = PBXBuildFile; fileRef = 643AABFF228E4861A399A74F /* ModelsSettingsView.swift */; };
		83556706A5B946DA8E8D1F05 /* AboutSettingsView.swift in Sources */ = {isa = PBXBuildFile; fileRef = 83556707A5B946DA8E8D1F06 /* AboutSettingsView.swift */; };
		DICTVIEW1A2B3C4D5E6F70 /* DictionarySettingsView.swift in Sources */ = {isa = PBXBuildFile; fileRef = DICTVIEW1A2B3C4D5E6F71 /* DictionarySettingsView.swift */; };
		4C6B0181BA512555942717CB /* AppCoordinator.swift in Sources */ = {isa = PBXBuildFile; fileRef = 86FB8BA663AAD1BE56BE198A /* AppCoordinator.swift */; };
		509539AC0B5D433489196E46 /* Assets.xcassets in Resources */ = {isa = PBXBuildFile; fileRef = 509539AB0B5D433489196E46 /* Assets.xcassets */; };
		5D84F939724532CB7B75F459 /* ReadyStepView.swift in Sources */ = {isa = PBXBuildFile; fileRef = B534B4EDCDB5E72BC73B626F /* ReadyStepView.swift */; };
		5c68c45920464b818cff4e69 /* TranscriptionService.swift in Sources */ = {isa = PBXBuildFile; fileRef = 6f62938483ec4a11ad5636be /* TranscriptionService.swift */; };
		6B2BB9C7EBDC41319789EF2F /* HistoryStoreTests.swift in Sources */ = {isa = PBXBuildFile; fileRef = E0729D0116F8418084311F4C /* HistoryStoreTests.swift */; };
		DICTSTORE1A2B3C4D5E6F70 /* DictionaryStoreTests.swift in Sources */ = {isa = PBXBuildFile; fileRef = DICTSTORE1A2B3C4D5E6F71 /* DictionaryStoreTests.swift */; };
		NOTESTEST1A2B3C4D5E6F70 /* NotesStoreTests.swift in Sources */ = {isa = PBXBuildFile; fileRef = NOTESTEST1A2B3C4D5E6F71 /* NotesStoreTests.swift */; };
		6E6131CA672EBD7B453B6F24 /* PermissionsStepView.swift in Sources */ = {isa = PBXBuildFile; fileRef = E0396D539B94AA6C8EAAFC8A /* PermissionsStepView.swift */; };
		6EA189DAD2FC954E2AA5B6B3 /* AIEnhancementStepView.swift in Sources */ = {isa = PBXBuildFile; fileRef = 9C6F7D779229187888C90F48 /* AIEnhancementStepView.swift */; };
		70CE9E64F744FED2830FD930 /* Icons.swift in Sources */ = {isa = PBXBuildFile; fileRef = F0DC71BCB19DB51FA606C373 /* Icons.swift */; };
		751e7a8692f447b98321b9c9 /* PermissionManager.swift in Sources */ = {isa = PBXBuildFile; fileRef = a2189a034cf447e08e86f24b /* PermissionManager.swift */; };
		7C9FFAAD40CEE61496E8C14C /* OnboardingWindowController.swift in Sources */ = {isa = PBXBuildFile; fileRef = 1FB6B47275B6AF92C5E6FDED /* OnboardingWindowController.swift */; };
		845be0a71ffe4a039b34fef0 /* TranscriptionServiceTests.swift in Sources */ = {isa = PBXBuildFile; fileRef = bf7758dd063c42db8315390e /* TranscriptionServiceTests.swift */; };
UPDATESVC01A2B3C4D5E6F70 /* UpdateServiceTests.swift in Sources */ = {isa = PBXBuildFile; fileRef = UPDATESVC01A2B3C4D5E6F71 /* UpdateServiceTests.swift */; };
		9AD845AB6A464CB0A312F1F8 /* AIEnhancementSettingsView.swift in Sources */ = {isa = PBXBuildFile; fileRef = 44EA00B68B5647C5A7ED8537 /* AIEnhancementSettingsView.swift */; };
		A1B2C3D4E5F6789012345679 /* SettingsStore.swift in Sources */ = {isa = PBXBuildFile; fileRef = F1A2B3C4D5E6F7890A1B2C3D /* SettingsStore.swift */; };
		A428D3EC1196D7E8CE77FB0D /* ModelDownloadStepView.swift in Sources */ = {isa = PBXBuildFile; fileRef = EC39B390BEA69DE4C8348EB9 /* ModelDownloadStepView.swift */; };
		AD95CE8AF12F494FB66DA5EB /* HotkeysSettingsView.swift in Sources */ = {isa = PBXBuildFile; fileRef = DBCE211FE788482E9E1A68F5 /* HotkeysSettingsView.swift */; };
		ALERT001A2B3C4D5E6F70 /* AlertManager.swift in Sources */ = {isa = PBXBuildFile; fileRef = ALERT001A2B3C4D5E6F71 /* AlertManager.swift */; };
		APPICON02A2B3C4D5E6F70 /* Pindrop.icon in Resources */ = {isa = PBXBuildFile; fileRef = APPICON01A2B3C4D5E6F71 /* Pindrop.icon */; };
		B105C906BA4047A6B066CA79 /* HotkeyManagerTests.swift in Sources */ = {isa = PBXBuildFile; fileRef = D61D78A13A5C4AAD839A3F76 /* HotkeyManagerTests.swift */; };
		B2C3D4E5F6789012345678AB /* ModelManager.swift in Sources */ = {isa = PBXBuildFile; fileRef = E9D8C7B6A5F4E3D2C1B0A9F8 /* ModelManager.swift */; };
		BC44C77F1DDD43BFAD8A88BD /* HistoryStore.swift in Sources */ = {isa = PBXBuildFile; fileRef = CDDC77E732664A859279FEC9 /* HistoryStore.swift */; };
		DICTSTORE2A2B3C4D5E6F70 /* DictionaryStore.swift in Sources */ = {isa = PBXBuildFile; fileRef = DICTSTORE2A2B3C4D5E6F71 /* DictionaryStore.swift */; };
		C75862009B5F6B105036E5B7 /* StatusBarController.swift in Sources */ = {isa = PBXBuildFile; fileRef = 68A6BA5D6DB40F25222D224E /* StatusBarController.swift */; };
		C8D207D26857A8C43B750159 /* FloatingIndicator.swift in Sources */ = {isa = PBXBuildFile; fileRef = 96470B64AAE9166C1690EEEB /* FloatingIndicator.swift */; };
		CEACBC45493663E081E4B1FA /* CopyButton.swift in Sources */ = {isa = PBXBuildFile; fileRef = 049276EAC4FEBCA2F91F807E /* CopyButton.swift */; };
		D6FEA1BD5772A0BC1316C3A9 /* ModelSelectionStepView.swift in Sources */ = {isa = PBXBuildFile; fileRef = 562A5EF6DF5282D6085B2FC4 /* ModelSelectionStepView.swift */; };
		PREVMOCKS1A2B3C4D5E6F70 /* PreviewMocks.swift in Sources */ = {isa = PBXBuildFile; fileRef = PREVMOCKS1A2B3C4D5E6F71 /* PreviewMocks.swift */; };
		D80025B628E760D11B48574D /* OnboardingWindow.swift in Sources */ = {isa = PBXBuildFile; fileRef = F735D73B65B7AF81A8846AEC /* OnboardingWindow.swift */; };
		DASHBRD1A2B3C4D5E6F70 /* DashboardView.swift in Sources */ = {isa = PBXBuildFile; fileRef = DASHBRD1A2B3C4D5E6F71 /* DashboardView.swift */; };
		E165F5F47804463DB0238E36 /* TranscriptionRecord.swift in Sources */ = {isa = PBXBuildFile; fileRef = 31399FF62DAD4C98BBC616B3 /* TranscriptionRecord.swift */; };
		862E74C35C4D46713D5A1B80 /* TranscriptionRecordSchema.swift in Sources */ = {isa = PBXBuildFile; fileRef = ACF3959F652E3628353F8CBC /* TranscriptionRecordSchema.swift */; };
		WORDRPLACEA1B2C3D4 /* WordReplacement.swift in Sources */ = {isa = PBXBuildFile; fileRef = WORDRPLACEA1B2C3D4E5 /* WordReplacement.swift */; };
		VOCABWORDA1B2C3D4 /* VocabularyWord.swift in Sources */ = {isa = PBXBuildFile; fileRef = VOCABWORDA1B2C3D4E5 /* VocabularyWord.swift */; };
		NOTESCH001A2B3C4D5 /* NoteSchema.swift in Sources */ = {isa = PBXBuildFile; fileRef = NOTESCH001A2B3C4D5E6 /* NoteSchema.swift */; };
		NOTESW001A2B3C4D5E6 /* Note.swift in Sources */ = {isa = PBXBuildFile; fileRef = NOTESW001A2B3C4D5E6F7 /* Note.swift */; };
		FEATMODEL1A2B3C4D5E6F /* FeatureModelType.swift in Sources */ = {isa = PBXBuildFile; fileRef = FEATMODEL1A2B3C4D5E6F7 /* FeatureModelType.swift */; };
		E30EF5B5D83B494BB7B98568 /* WhisperKit in Frameworks */ = {isa = PBXBuildFile; productRef = 563D563B8CE142449E7030FB /* WhisperKit */; };
FLUIDAUDIOBUILD01A2B3C4D5E6F /* FluidAudio in Frameworks */ = {isa = PBXBuildFile; productRef = FLUIDAUDIODEP01A2B3C4D5E6F /* FluidAudio */; };
SPARKLEBUILD01A2B3C4D5E6F /* Sparkle in Frameworks */ = {isa = PBXBuildFile; productRef = SPARKLEDEP01A2B3C4D5E6F /* Sparkle */; };
E759D485AF275927D5306AA9 /* AIEnhancementService.swift in Sources */ = {isa = PBXBuildFile; fileRef = D120A62260BDECC9467BE609 /* AIEnhancementService.swift */; };
		HISTVW01A2B3C4D5E6F70 /* HistoryView.swift in Sources */ = {isa = PBXBuildFile; fileRef = HISTVW01A2B3C4D5E6F71 /* HistoryView.swift */; };
		LOGGER001A2B3C4D5E6F70 /* Logger.swift in Sources */ = {isa = PBXBuildFile; fileRef = LOGGER001A2B3C4D5E6F71 /* Logger.swift */; };
		MAINWIN1A2B3C4D5E6F70 /* MainWindow.swift in Sources */ = {isa = PBXBuildFile; fileRef = MAINWIN1A2B3C4D5E6F71 /* MainWindow.swift */; };
		SPLASH01A2B3C4D5E6F70 /* SplashScreen.swift in Sources */ = {isa = PBXBuildFile; fileRef = SPLASH01A2B3C4D5E6F71 /* SplashScreen.swift */; };
		THEME001A2B3C4D5E6F70 /* Theme.swift in Sources */ = {isa = PBXBuildFile; fileRef = THEME001A2B3C4D5E6F71 /* Theme.swift */; };
		PILLIND001A2B3C4D5E6F70 /* PillFloatingIndicator.swift in Sources */ = {isa = PBXBuildFile; fileRef = PILLIND001A2B3C4D5E6F71 /* PillFloatingIndicator.swift */; };
		FLOATTYP001A2B3C4D5E6F70 /* FloatingIndicatorType.swift in Sources */ = {isa = PBXBuildFile; fileRef = FLOATTYP001A2B3C4D5E6F71 /* FloatingIndicatorType.swift */; };
		NOTESVIEW1A2B3C4D5E6F70 /* NotesView.swift in Sources */ = {isa = PBXBuildFile; fileRef = NOTESVIEW1A2B3C4D5E6F71 /* NotesView.swift */; };
		NOTECARD01A2B3C4D5E6F70 /* NoteCardView.swift in Sources */ = {isa = PBXBuildFile; fileRef = NOTECARD01A2B3C4D5E6F71 /* NoteCardView.swift */; };
		NOTEEDIT01A2B3C4D5E6F70 /* NoteEditorWindow.swift in Sources */ = {isa = PBXBuildFile; fileRef = NOTEEDIT01A2B3C4D5E6F71 /* NoteEditorWindow.swift */; };
		NOTESTORE1A2B3C4D5E6F70 /* NotesStore.swift in Sources */ = {isa = PBXBuildFile; fileRef = NOTESTORE1A2B3C4D5E6F71 /* NotesStore.swift */; };
		MARKDOWN01A2B3C4D5E6F70 /* MarkdownEditor.swift in Sources */ = {isa = PBXBuildFile; fileRef = MARKDOWN01A2B3C4D5E6F71 /* MarkdownEditor.swift */; };
		TRANSENG02A2B3C4D5E6F /* TranscriptionEngine.swift in Sources */ = {isa = PBXBuildFile; fileRef = TRANSENG01A2B3C4D5E6F /* TranscriptionEngine.swift */; };
		TRANSENG04A2B3C4D5E6F /* TranscriptionEngineTests.swift in Sources */ = {isa = PBXBuildFile; fileRef = TRANSENG03A2B3C4D5E6F /* TranscriptionEngineTests.swift */; };
		WHISPERENG02A2B3C4D5E6F /* WhisperKitEngine.swift in Sources */ = {isa = PBXBuildFile; fileRef = WHISPERENG03A2B3C4D5E6F /* WhisperKitEngine.swift */; };
		WHISPERENG04A2B3C4D5E6F /* WhisperKitEngineTests.swift in Sources */ = {isa = PBXBuildFile; fileRef = WHISPERENG01A2B3C4D5E6F /* WhisperKitEngineTests.swift */; };
		PARAKEETENG02A2B3C4D5E6F /* ParakeetEngine.swift in Sources */ = {isa = PBXBuildFile; fileRef = PARAKEETENG01A2B3C4D5E6F /* ParakeetEngine.swift */; };
		PARAKEETENGTEST02A2B3C4D5E6F /* ParakeetEngineTests.swift in Sources */ = {isa = PBXBuildFile; fileRef = PARAKEETENGTEST01A2B3C4D5E6F /* ParakeetEngineTests.swift */; };
		AUDIOCAPS02A2B3C4D5E6F /* AudioEngineCapabilities.swift in Sources */ = {isa = PBXBuildFile; fileRef = AUDIOCAPS01A2B3C4D5E6F /* AudioEngineCapabilities.swift */; };
		VADDETECT02A2B3C4D5E6F /* VoiceActivityDetector.swift in Sources */ = {isa = PBXBuildFile; fileRef = VADDETECT01A2B3C4D5E6F /* VoiceActivityDetector.swift */; };
		SPKDIARIZ02A2B3C4D5E6F /* SpeakerDiarizer.swift in Sources */ = {isa = PBXBuildFile; fileRef = SPKDIARIZ01A2B3C4D5E6F /* SpeakerDiarizer.swift */; };
		STREAMASR02A2B3C4D5E6F /* StreamingTranscriptionEngine.swift in Sources */ = {isa = PBXBuildFile; fileRef = STREAMASR01A2B3C4D5E6F /* StreamingTranscriptionEngine.swift */; };
		TTSENGINE02A2B3C4D5E6F /* TextToSpeechEngine.swift in Sources */ = {isa = PBXBuildFile; fileRef = TTSENGINE01A2B3C4D5E6F /* TextToSpeechEngine.swift */; };
/* End PBXBuildFile section */

/* Begin PBXContainerItemProxy section */
		EA4676B79B4D48828872854F /* PBXContainerItemProxy */ = {
			isa = PBXContainerItemProxy;
			containerPortal = 776C744285EF4862B4D98FA8 /* Project object */;
			proxyType = 1;
			remoteGlobalIDString = 0FD823F73DCD48B08A2EDE97;
			remoteInfo = Pindrop;
		};
/* End PBXContainerItemProxy section */

/* Begin PBXFileReference section */
		01E366552FAA4505B9775ACB /* PindropApp.swift */ = {isa = PBXFileReference; lastKnownFileType = sourcecode.swift; path = PindropApp.swift; sourceTree = "<group>"; };
		049276EAC4FEBCA2F91F807E /* CopyButton.swift */ = {isa = PBXFileReference; includeInIndex = 1; lastKnownFileType = sourcecode.swift; path = CopyButton.swift; sourceTree = "<group>"; };
		05406A418EF343BAA525028E /* Pindrop.app */ = {isa = PBXFileReference; explicitFileType = wrapper.application; includeInIndex = 0; path = Pindrop.app; sourceTree = BUILT_PRODUCTS_DIR; };
		1FB6B47275B6AF92C5E6FDED /* OnboardingWindowController.swift */ = {isa = PBXFileReference; includeInIndex = 1; lastKnownFileType = sourcecode.swift; path = OnboardingWindowController.swift; sourceTree = "<group>"; };
		31399FF62DAD4C98BBC616B3 /* TranscriptionRecord.swift */ = {isa = PBXFileReference; lastKnownFileType = sourcecode.swift; path = TranscriptionRecord.swift; sourceTree = "<group>"; };
		ACF3959F652E3628353F8CBC /* TranscriptionRecordSchema.swift */ = {isa = PBXFileReference; lastKnownFileType = sourcecode.swift; path = TranscriptionRecordSchema.swift; sourceTree = "<group>"; };
		440249056D0941BF82CA74EB /* Preview Assets.xcassets */ = {isa = PBXFileReference; lastKnownFileType = folder.assetcatalog; path = "Preview Assets.xcassets"; sourceTree = "<group>"; };
		44EA00B68B5647C5A7ED8537 /* AIEnhancementSettingsView.swift */ = {isa = PBXFileReference; lastKnownFileType = sourcecode.swift; path = AIEnhancementSettingsView.swift; sourceTree = "<group>"; };
		509539AB0B5D433489196E46 /* Assets.xcassets */ = {isa = PBXFileReference; lastKnownFileType = folder.assetcatalog; path = Assets.xcassets; sourceTree = "<group>"; };
		562A5EF6DF5282D6085B2FC4 /* ModelSelectionStepView.swift */ = {isa = PBXFileReference; includeInIndex = 1; lastKnownFileType = sourcecode.swift; path = ModelSelectionStepView.swift; sourceTree = "<group>"; };
		643AABFF228E4861A399A74F /* ModelsSettingsView.swift */ = {isa = PBXFileReference; lastKnownFileType = sourcecode.swift; path = ModelsSettingsView.swift; sourceTree = "<group>"; };
		83556707A5B946DA8E8D1F06 /* AboutSettingsView.swift */ = {isa = PBXFileReference; lastKnownFileType = sourcecode.swift; path = AboutSettingsView.swift; sourceTree = "<group>"; };
		DICTVIEW1A2B3C4D5E6F71 /* DictionarySettingsView.swift */ = {isa = PBXFileReference; lastKnownFileType = sourcecode.swift; path = DictionarySettingsView.swift; sourceTree = "<group>"; };
		68A6BA5D6DB40F25222D224E /* StatusBarController.swift */ = {isa = PBXFileReference; includeInIndex = 1; lastKnownFileType = sourcecode.swift; path = StatusBarController.swift; sourceTree = "<group>"; };
		6f62938483ec4a11ad5636be /* TranscriptionService.swift */ = {isa = PBXFileReference; lastKnownFileType = sourcecode.swift; path = TranscriptionService.swift; sourceTree = "<group>"; };
		86FB8BA663AAD1BE56BE198A /* AppCoordinator.swift */ = {isa = PBXFileReference; includeInIndex = 1; lastKnownFileType = sourcecode.swift; path = AppCoordinator.swift; sourceTree = "<group>"; };
		8AED90D301B14DA19D138987 /* OutputManagerTests.swift */ = {isa = PBXFileReference; lastKnownFileType = sourcecode.swift; path = OutputManagerTests.swift; sourceTree = "<group>"; };
		8B0A66F0A9C04230977FF4F8 /* GeneralSettingsView.swift */ = {isa = PBXFileReference; lastKnownFileType = sourcecode.swift; path = GeneralSettingsView.swift; sourceTree = "<group>"; };
		DEADBEEF0000000000000002 /* UpdateSettingsView.swift */ = {isa = PBXFileReference; lastKnownFileType = sourcecode.swift; path = UpdateSettingsView.swift; sourceTree = "<group>"; };
		8B28B59A0FB34CF9A0080275 /* Info.plist */ = {isa = PBXFileReference; lastKnownFileType = text.plist.xml; path = Info.plist; sourceTree = "<group>"; };
		8b6f20a4a9dd4d65a428336a /* AudioRecorderTests.swift */ = {isa = PBXFileReference; lastKnownFileType = sourcecode.swift; path = AudioRecorderTests.swift; sourceTree = "<group>"; };
		96470B64AAE9166C1690EEEB /* FloatingIndicator.swift */ = {isa = PBXFileReference; includeInIndex = 1; lastKnownFileType = sourcecode.swift; path = FloatingIndicator.swift; sourceTree = "<group>"; };
		9C6F7D779229187888C90F48 /* AIEnhancementStepView.swift */ = {isa = PBXFileReference; includeInIndex = 1; lastKnownFileType = sourcecode.swift; path = AIEnhancementStepView.swift; sourceTree = "<group>"; };
		A4D32E4FB7C7333CC57974C6 /* WelcomeStepView.swift */ = {isa = PBXFileReference; includeInIndex = 1; lastKnownFileType = sourcecode.swift; path = WelcomeStepView.swift; sourceTree = "<group>"; };
		ALERT001A2B3C4D5E6F71 /* AlertManager.swift */ = {isa = PBXFileReference; lastKnownFileType = sourcecode.swift; path = AlertManager.swift; sourceTree = "<group>"; };
		APPICON01A2B3C4D5E6F71 /* Pindrop.icon */ = {isa = PBXFileReference; lastKnownFileType = folder.iconcomposer.icon; path = Pindrop.icon; sourceTree = "<group>"; };
		PREVMOCKS1A2B3C4D5E6F71 /* PreviewMocks.swift */ = {isa = PBXFileReference; lastKnownFileType = sourcecode.swift; path = PreviewMocks.swift; sourceTree = "<group>"; };
		B03BAE36B1E64FE6BB38D403 /* SettingsWindow.swift */ = {isa = PBXFileReference; lastKnownFileType = sourcecode.swift; path = SettingsWindow.swift; sourceTree = "<group>"; };
		B534B4EDCDB5E72BC73B626F /* ReadyStepView.swift */ = {isa = PBXFileReference; includeInIndex = 1; lastKnownFileType = sourcecode.swift; path = ReadyStepView.swift; sourceTree = "<group>"; };
		B8642B83DE9F73D4803DE666 /* HotkeySetupStepView.swift */ = {isa = PBXFileReference; includeInIndex = 1; lastKnownFileType = sourcecode.swift; path = HotkeySetupStepView.swift; sourceTree = "<group>"; };
		BD0F4D7C7ADA4236A1D28249 /* HotkeyManager.swift */ = {isa = PBXFileReference; lastKnownFileType = sourcecode.swift; path = HotkeyManager.swift; sourceTree = "<group>"; };
		LAUNCHLOGINMGR01A2B3C4D5E6F7 /* LaunchAtLoginManager.swift */ = {isa = PBXFileReference; lastKnownFileType = sourcecode.swift; path = LaunchAtLoginManager.swift; sourceTree = "<group>"; };
		UPDATESVC01A2B3C4D5E6F7 /* UpdateService.swift */ = {isa = PBXFileReference; lastKnownFileType = sourcecode.swift; path = UpdateService.swift; sourceTree = "<group>"; };
		BDDB99579A8D461A8E66F4C3 /* Pindrop.entitlements */ = {isa = PBXFileReference; lastKnownFileType = text.plist.entitlements; path = Pindrop.entitlements; sourceTree = "<group>"; };
		C017B84CBC554D8192D38FFA /* PindropTests.xctest */ = {isa = PBXFileReference; explicitFileType = wrapper.cfbundle; includeInIndex = 0; path = PindropTests.xctest; sourceTree = BUILT_PRODUCTS_DIR; };
		CB05E1BC11534652810B091F /* OutputManager.swift */ = {isa = PBXFileReference; lastKnownFileType = sourcecode.swift; path = OutputManager.swift; sourceTree = "<group>"; };
		CDDC77E732664A859279FEC9 /* HistoryStore.swift */ = {isa = PBXFileReference; lastKnownFileType = sourcecode.swift; path = HistoryStore.swift; sourceTree = "<group>"; };
		DICTSTORE2A2B3C4D5E6F71 /* DictionaryStore.swift */ = {isa = PBXFileReference; lastKnownFileType = sourcecode.swift; path = DictionaryStore.swift; sourceTree = "<group>"; };
		D120A62260BDECC9467BE609 /* AIEnhancementService.swift */ = {isa = PBXFileReference; includeInIndex = 1; lastKnownFileType = sourcecode.swift; path = AIEnhancementService.swift; sourceTree = "<group>"; };
		D61D78A13A5C4AAD839A3F76 /* HotkeyManagerTests.swift */ = {isa = PBXFileReference; lastKnownFileType = sourcecode.swift; path = HotkeyManagerTests.swift; sourceTree = "<group>"; };
		DASHBRD1A2B3C4D5E6F71 /* DashboardView.swift */ = {isa = PBXFileReference; lastKnownFileType = sourcecode.swift; path = DashboardView.swift; sourceTree = "<group>"; };
		DBCE211FE788482E9E1A68F5 /* HotkeysSettingsView.swift */ = {isa = PBXFileReference; lastKnownFileType = sourcecode.swift; path = HotkeysSettingsView.swift; sourceTree = "<group>"; };
		E0396D539B94AA6C8EAAFC8A /* PermissionsStepView.swift */ = {isa = PBXFileReference; includeInIndex = 1; lastKnownFileType = sourcecode.swift; path = PermissionsStepView.swift; sourceTree = "<group>"; };
		E0729D0116F8418084311F4C /* HistoryStoreTests.swift */ = {isa = PBXFileReference; lastKnownFileType = sourcecode.swift; path = HistoryStoreTests.swift; sourceTree = "<group>"; };
		DICTSTORE1A2B3C4D5E6F71 /* DictionaryStoreTests.swift */ = {isa = PBXFileReference; lastKnownFileType = sourcecode.swift; path = DictionaryStoreTests.swift; sourceTree = "<group>"; };
		NOTESTEST1A2B3C4D5E6F71 /* NotesStoreTests.swift */ = {isa = PBXFileReference; lastKnownFileType = sourcecode.swift; path = NotesStoreTests.swift; sourceTree = "<group>"; };
		E9D8C7B6A5F4E3D2C1B0A9F8 /* ModelManager.swift */ = {isa = PBXFileReference; lastKnownFileType = sourcecode.swift; path = ModelManager.swift; sourceTree = "<group>"; };
		EC39B390BEA69DE4C8348EB9 /* ModelDownloadStepView.swift */ = {isa = PBXFileReference; includeInIndex = 1; lastKnownFileType = sourcecode.swift; path = ModelDownloadStepView.swift; sourceTree = "<group>"; };
		F0DC71BCB19DB51FA606C373 /* Icons.swift */ = {isa = PBXFileReference; includeInIndex = 1; lastKnownFileType = sourcecode.swift; path = Icons.swift; sourceTree = "<group>"; };
		F1A2B3C4D5E6F7890A1B2C3D /* SettingsStore.swift */ = {isa = PBXFileReference; lastKnownFileType = sourcecode.swift; path = SettingsStore.swift; sourceTree = "<group>"; };
		F735D73B65B7AF81A8846AEC /* OnboardingWindow.swift */ = {isa = PBXFileReference; includeInIndex = 1; lastKnownFileType = sourcecode.swift; path = OnboardingWindow.swift; sourceTree = "<group>"; };
		HISTVW01A2B3C4D5E6F71 /* HistoryView.swift */ = {isa = PBXFileReference; lastKnownFileType = sourcecode.swift; path = HistoryView.swift; sourceTree = "<group>"; };
		LOGGER001A2B3C4D5E6F71 /* Logger.swift */ = {isa = PBXFileReference; lastKnownFileType = sourcecode.swift; path = Logger.swift; sourceTree = "<group>"; };
		MAINWIN1A2B3C4D5E6F71 /* MainWindow.swift */ = {isa = PBXFileReference; lastKnownFileType = sourcecode.swift; path = MainWindow.swift; sourceTree = "<group>"; };
		SPLASH01A2B3C4D5E6F71 /* SplashScreen.swift */ = {isa = PBXFileReference; lastKnownFileType = sourcecode.swift; path = SplashScreen.swift; sourceTree = "<group>"; };
		THEME001A2B3C4D5E6F71 /* Theme.swift */ = {isa = PBXFileReference; lastKnownFileType = sourcecode.swift; path = Theme.swift; sourceTree = "<group>"; };
		PILLIND001A2B3C4D5E6F71 /* PillFloatingIndicator.swift */ = {isa = PBXFileReference; lastKnownFileType = sourcecode.swift; path = PillFloatingIndicator.swift; sourceTree = "<group>"; };
		FLOATTYP001A2B3C4D5E6F71 /* FloatingIndicatorType.swift */ = {isa = PBXFileReference; lastKnownFileType = sourcecode.swift; path = FloatingIndicatorType.swift; sourceTree = "<group>"; };
		a2189a034cf447e08e86f24b /* PermissionManager.swift */ = {isa = PBXFileReference; lastKnownFileType = sourcecode.swift; path = PermissionManager.swift; sourceTree = "<group>"; };
		bf7758dd063c42db8315390e /* TranscriptionServiceTests.swift */ = {isa = PBXFileReference; lastKnownFileType = sourcecode.swift; path = TranscriptionServiceTests.swift; sourceTree = "<group>"; };
UPDATESVC01A2B3C4D5E6F71 /* UpdateServiceTests.swift */ = {isa = PBXFileReference; lastKnownFileType = sourcecode.swift; path = UpdateServiceTests.swift; sourceTree = "<group>"; };
		f5b1372d4c0e4e96a1ed0b59 /* AudioRecorder.swift */ = {isa = PBXFileReference; lastKnownFileType = sourcecode.swift; path = AudioRecorder.swift; sourceTree = "<group>"; };
		WORDRPLACEA1B2C3D4E5 /* WordReplacement.swift */ = {isa = PBXFileReference; lastKnownFileType = sourcecode.swift; path = WordReplacement.swift; sourceTree = "<group>"; };
		VOCABWORDA1B2C3D4E5 /* VocabularyWord.swift */ = {isa = PBXFileReference; lastKnownFileType = sourcecode.swift; path = VocabularyWord.swift; sourceTree = "<group>"; };
		NOTESCH001A2B3C4D5E6 /* NoteSchema.swift */ = {isa = PBXFileReference; lastKnownFileType = sourcecode.swift; path = NoteSchema.swift; sourceTree = "<group>"; };
		NOTESW001A2B3C4D5E6F7 /* Note.swift */ = {isa = PBXFileReference; lastKnownFileType = sourcecode.swift; path = Note.swift; sourceTree = "<group>"; };
		FEATMODEL1A2B3C4D5E6F7 /* FeatureModelType.swift */ = {isa = PBXFileReference; lastKnownFileType = sourcecode.swift; path = FeatureModelType.swift; sourceTree = "<group>"; };
		NOTESVIEW1A2B3C4D5E6F71 /* NotesView.swift */ = {isa = PBXFileReference; lastKnownFileType = sourcecode.swift; path = NotesView.swift; sourceTree = "<group>"; };
		NOTECARD01A2B3C4D5E6F71 /* NoteCardView.swift */ = {isa = PBXFileReference; lastKnownFileType = sourcecode.swift; path = NoteCardView.swift; sourceTree = "<group>"; };
		NOTEEDIT01A2B3C4D5E6F71 /* NoteEditorWindow.swift */ = {isa = PBXFileReference; lastKnownFileType = sourcecode.swift; path = NoteEditorWindow.swift; sourceTree = "<group>"; };
		NOTESTORE1A2B3C4D5E6F71 /* NotesStore.swift */ = {isa = PBXFileReference; lastKnownFileType = sourcecode.swift; path = NotesStore.swift; sourceTree = "<group>"; };
		MARKDOWN01A2B3C4D5E6F71 /* MarkdownEditor.swift */ = {isa = PBXFileReference; lastKnownFileType = sourcecode.swift; path = MarkdownEditor.swift; sourceTree = "<group>"; };
		TRANSENG01A2B3C4D5E6F /* TranscriptionEngine.swift */ = {isa = PBXFileReference; lastKnownFileType = sourcecode.swift; path = TranscriptionEngine.swift; sourceTree = "<group>"; };
		TRANSENG03A2B3C4D5E6F /* TranscriptionEngineTests.swift */ = {isa = PBXFileReference; lastKnownFileType = sourcecode.swift; path = TranscriptionEngineTests.swift; sourceTree = "<group>"; };
		WHISPERENG01A2B3C4D5E6F /* WhisperKitEngineTests.swift */ = {isa = PBXFileReference; lastKnownFileType = sourcecode.swift; path = WhisperKitEngineTests.swift; sourceTree = "<group>"; };
		WHISPERENG03A2B3C4D5E6F /* WhisperKitEngine.swift */ = {isa = PBXFileReference; lastKnownFileType = sourcecode.swift; path = WhisperKitEngine.swift; sourceTree = "<group>"; };
		PARAKEETENG01A2B3C4D5E6F /* ParakeetEngine.swift */ = {isa = PBXFileReference; lastKnownFileType = sourcecode.swift; path = ParakeetEngine.swift; sourceTree = "<group>"; };
		PARAKEETENGTEST01A2B3C4D5E6F /* ParakeetEngineTests.swift */ = {isa = PBXFileReference; lastKnownFileType = sourcecode.swift; path = ParakeetEngineTests.swift; sourceTree = "<group>"; };
		AUDIOCAPS01A2B3C4D5E6F /* AudioEngineCapabilities.swift */ = {isa = PBXFileReference; lastKnownFileType = sourcecode.swift; path = AudioEngineCapabilities.swift; sourceTree = "<group>"; };
		VADDETECT01A2B3C4D5E6F /* VoiceActivityDetector.swift */ = {isa = PBXFileReference; lastKnownFileType = sourcecode.swift; path = VoiceActivityDetector.swift; sourceTree = "<group>"; };
		SPKDIARIZ01A2B3C4D5E6F /* SpeakerDiarizer.swift */ = {isa = PBXFileReference; lastKnownFileType = sourcecode.swift; path = SpeakerDiarizer.swift; sourceTree = "<group>"; };
		STREAMASR01A2B3C4D5E6F /* StreamingTranscriptionEngine.swift */ = {isa = PBXFileReference; lastKnownFileType = sourcecode.swift; path = StreamingTranscriptionEngine.swift; sourceTree = "<group>"; };
		TTSENGINE01A2B3C4D5E6F /* TextToSpeechEngine.swift */ = {isa = PBXFileReference; lastKnownFileType = sourcecode.swift; path = TextToSpeechEngine.swift; sourceTree = "<group>"; };
/* End PBXFileReference section */

/* Begin PBXFrameworksBuildPhase section */
37A010B78338464E90A60BD4 /* Frameworks */ = {
isa = PBXFrameworksBuildPhase;
files = (
E30EF5B5D83B494BB7B98568 /* WhisperKit in Frameworks */,
FLUIDAUDIOBUILD01A2B3C4D5E6F /* FluidAudio in Frameworks */,
SPARKLEBUILD01A2B3C4D5E6F /* Sparkle in Frameworks */,
);
};
		CBC1B6398AC040CF9417EDEC /* Frameworks */ = {
			isa = PBXFrameworksBuildPhase;
			files = (
			);
		};
/* End PBXFrameworksBuildPhase section */

/* Begin PBXGroup section */
	2AE7116BC5A64F50B5790CC7 = {
			isa = PBXGroup;
			children = (
				A80BF133F57547198A5A2458 /* Pindrop */,
				AA285F0FC951498CA7AEFEDE /* PindropTests */,
				34D7D79B92CD42AA8CBA1057 /* Products */,
			);
			sourceTree = "<group>";
		};
		34D7D79B92CD42AA8CBA1057 /* Products */ = {
			isa = PBXGroup;
			children = (
				05406A418EF343BAA525028E /* Pindrop.app */,
				C017B84CBC554D8192D38FFA /* PindropTests.xctest */,
			);
			name = Products;
			sourceTree = "<group>";
		};
		38268D286F644C93A216D0F4 /* Models */ = {
			isa = PBXGroup;
			children = (
				31399FF62DAD4C98BBC616B3 /* TranscriptionRecord.swift */,
				ACF3959F652E3628353F8CBC /* TranscriptionRecordSchema.swift */,
				WORDRPLACEA1B2C3D4E5 /* WordReplacement.swift */,
				VOCABWORDA1B2C3D4E5 /* VocabularyWord.swift */,
				FLOATTYP001A2B3C4D5E6F71 /* FloatingIndicatorType.swift */,
				NOTESCH001A2B3C4D5E6 /* NoteSchema.swift */,
				NOTESW001A2B3C4D5E6F7 /* Note.swift */,
				FEATMODEL1A2B3C4D5E6F7 /* FeatureModelType.swift */,
			);
			path = Models;
			sourceTree = "<group>";
		};
		643083A84C484508864DA167 /* UI */ = {
			isa = PBXGroup;
		children = (
			THEMEGROUP1A2B3C4D5E6F /* Theme */,
			NOTEEDITGRP1A2B3C4D5E6F /* NoteEditor */,
				MAINGROUP1A2B3C4D5E6F7 /* Main */,
			A1B2C3D4E5F6789012345678 /* Settings */,
				68A6BA5D6DB40F25222D224E /* StatusBarController.swift */,
			96470B64AAE9166C1690EEEB /* FloatingIndicator.swift */,
			PILLIND001A2B3C4D5E6F71 /* PillFloatingIndicator.swift */,
			SPLASH01A2B3C4D5E6F71 /* SplashScreen.swift */,
			AC5569DC7FCD55BB91774AB2 /* Onboarding */,
			BFA9046303E3874827C62B25 /* Components */,
			);
			path = UI;
			sourceTree = "<group>";
		};
 		81f50d309b6a44df90efbd5f /* Services */ = {
 		isa = PBXGroup;
 		children = (
 			f5b1372d4c0e4e96a1ed0b59 /* AudioRecorder.swift */,
 			6f62938483ec4a11ad5636be /* TranscriptionService.swift */,
 			TRANSGRP01A2B3C4D5E6F /* Transcription */,
 			a2189a034cf447e08e86f24b /* PermissionManager.swift */,
 		CB05E1BC11534652810B091F /* OutputManager.swift */,
 		CDDC77E732664A859279FEC9 /* HistoryStore.swift */,
 			NOTESTORE1A2B3C4D5E6F71 /* NotesStore.swift */,
 		DICTSTORE2A2B3C4D5E6F71 /* DictionaryStore.swift */,
 		F1A2B3C4D5E6F7890A1B2C3D /* SettingsStore.swift */,
 			E9D8C7B6A5F4E3D2C1B0A9F8 /* ModelManager.swift */,
 			D120A62260BDECC9467BE609 /* AIEnhancementService.swift */,
 			BD0F4D7C7ADA4236A1D28249 /* HotkeyManager.swift */,
 			LAUNCHLOGINMGR01A2B3C4D5E6F7 /* LaunchAtLoginManager.swift */,
 			UPDATESVC01A2B3C4D5E6F7 /* UpdateService.swift */,
 		);
 		path = Services;
 		sourceTree = "<group>";
 	};
 		TRANSGRP01A2B3C4D5E6F /* Transcription */ = {
 		isa = PBXGroup;
 		children = (
 			AUDIOCAPS01A2B3C4D5E6F /* AudioEngineCapabilities.swift */,
 			TRANSENG01A2B3C4D5E6F /* TranscriptionEngine.swift */,
 			STREAMASR01A2B3C4D5E6F /* StreamingTranscriptionEngine.swift */,
 			VADDETECT01A2B3C4D5E6F /* VoiceActivityDetector.swift */,
 			SPKDIARIZ01A2B3C4D5E6F /* SpeakerDiarizer.swift */,
 			TTSENGINE01A2B3C4D5E6F /* TextToSpeechEngine.swift */,
 			WHISPERENG03A2B3C4D5E6F /* WhisperKitEngine.swift */,
 			PARAKEETENG01A2B3C4D5E6F /* ParakeetEngine.swift */,
 		);
 		path = Transcription;
 		sourceTree = "<group>";
 	};
		855E92B9E1094A4A99FE07FF /* Preview Content */ = {
			isa = PBXGroup;
			children = (
				440249056D0941BF82CA74EB /* Preview Assets.xcassets */,
			);
			path = "Preview Content";
			sourceTree = "<group>";
		};
	A1B2C3D4E5F6789012345678 /* Settings */ = {
		isa = PBXGroup;
		children = (
			B03BAE36B1E64FE6BB38D403 /* SettingsWindow.swift */,
			8B0A66F0A9C04230977FF4F8 /* GeneralSettingsView.swift */,
				DEADBEEF0000000000000002 /* UpdateSettingsView.swift */,
				DBCE211FE788482E9E1A68F5 /* HotkeysSettingsView.swift */,
				643AABFF228E4861A399A74F /* ModelsSettingsView.swift */,
			44EA00B68B5647C5A7ED8537 /* AIEnhancementSettingsView.swift */,
			83556707A5B946DA8E8D1F06 /* AboutSettingsView.swift */,
			DICTVIEW1A2B3C4D5E6F71 /* DictionarySettingsView.swift */,
		);
			path = Settings;
			sourceTree = "<group>";
		};
		A80BF133F57547198A5A2458 /* Pindrop */ = {
			isa = PBXGroup;
			children = (
				8B28B59A0FB34CF9A0080275 /* Info.plist */,
				BDDB99579A8D461A8E66F4C3 /* Pindrop.entitlements */,
			01E366552FAA4505B9775ACB /* PindropApp.swift */,
			509539AB0B5D433489196E46 /* Assets.xcassets */,
				APPICON01A2B3C4D5E6F71 /* Pindrop.icon */,
			81f50d309b6a44df90efbd5f /* Services */,
			855E92B9E1094A4A99FE07FF /* Preview Content */,
			38268D286F644C93A216D0F4 /* Models */,
				643083A84C484508864DA167 /* UI */,
				UTILS001A2B3C4D5E6F72 /* Utils */,
				MOCKSGRP1A2B3C4D5E6F72 /* Mocks */,
				86FB8BA663AAD1BE56BE198A /* AppCoordinator.swift */,
			);
			path = Pindrop;
			sourceTree = "<group>";
		};
		AA285F0FC951498CA7AEFEDE /* PindropTests */ = {
			isa = PBXGroup;
			children = (
				8b6f20a4a9dd4d65a428336a /* AudioRecorderTests.swift */,
				D61D78A13A5C4AAD839A3F76 /* HotkeyManagerTests.swift */,
				bf7758dd063c42db8315390e /* TranscriptionServiceTests.swift */,
			8AED90D301B14DA19D138987 /* OutputManagerTests.swift */,
			E0729D0116F8418084311F4C /* HistoryStoreTests.swift */,
			DICTSTORE1A2B3C4D5E6F71 /* DictionaryStoreTests.swift */,
			NOTESTEST1A2B3C4D5E6F71 /* NotesStoreTests.swift */,
			TRANSENG03A2B3C4D5E6F /* TranscriptionEngineTests.swift */,
			WHISPERENG01A2B3C4D5E6F /* WhisperKitEngineTests.swift */,
			PARAKEETENGTEST01A2B3C4D5E6F /* ParakeetEngineTests.swift */,
UPDATESVC01A2B3C4D5E6F71 /* UpdateServiceTests.swift */,
		);
			path = PindropTests;
			sourceTree = "<group>";
		};
	AC5569DC7FCD55BB91774AB2 /* Onboarding */ = {
		isa = PBXGroup;
		children = (
			F735D73B65B7AF81A8846AEC /* OnboardingWindow.swift */,
			1FB6B47275B6AF92C5E6FDED /* OnboardingWindowController.swift */,
			A4D32E4FB7C7333CC57974C6 /* WelcomeStepView.swift */,
			562A5EF6DF5282D6085B2FC4 /* ModelSelectionStepView.swift */,
			EC39B390BEA69DE4C8348EB9 /* ModelDownloadStepView.swift */,
			9C6F7D779229187888C90F48 /* AIEnhancementStepView.swift */,
			E0396D539B94AA6C8EAAFC8A /* PermissionsStepView.swift */,
			B8642B83DE9F73D4803DE666 /* HotkeySetupStepView.swift */,
			B534B4EDCDB5E72BC73B626F /* ReadyStepView.swift */,
		);
		path = Onboarding;
		sourceTree = "<group>";
	};
	BFA9046303E3874827C62B25 /* Components */ = {
		isa = PBXGroup;
		children = (
			049276EAC4FEBCA2F91F807E /* CopyButton.swift */,
				NOTECARD01A2B3C4D5E6F71 /* NoteCardView.swift */,
				MARKDOWN01A2B3C4D5E6F71 /* MarkdownEditor.swift */,
		);
		path = Components;
		sourceTree = "<group>";
	};
			NOTEEDITGRP1A2B3C4D5E6F /* NoteEditor */ = {
			isa = PBXGroup;
			children = (
				NOTEEDIT01A2B3C4D5E6F71 /* NoteEditorWindow.swift */,
			);
			path = NoteEditor;
			sourceTree = "<group>";
		};
		MAINGROUP1A2B3C4D5E6F7 /* Main */ = {
			isa = PBXGroup;
			children = (
				MAINWIN1A2B3C4D5E6F71 /* MainWindow.swift */,
				NOTESVIEW1A2B3C4D5E6F71 /* NotesView.swift */,
				DASHBRD1A2B3C4D5E6F71 /* DashboardView.swift */,
				HISTVW01A2B3C4D5E6F71 /* HistoryView.swift */,
			);
			path = Main;
			sourceTree = "<group>";
		};
		THEMEGROUP1A2B3C4D5E6F /* Theme */ = {
			isa = PBXGroup;
			children = (
				THEME001A2B3C4D5E6F71 /* Theme.swift */,
			);
			path = Theme;
			sourceTree = "<group>";
		};
		UTILS001A2B3C4D5E6F72 /* Utils */ = {
			isa = PBXGroup;
			children = (
				LOGGER001A2B3C4D5E6F71 /* Logger.swift */,
				ALERT001A2B3C4D5E6F71 /* AlertManager.swift */,
				F0DC71BCB19DB51FA606C373 /* Icons.swift */,
			);
			path = Utils;
			sourceTree = "<group>";
		};
		MOCKSGRP1A2B3C4D5E6F72 /* Mocks */ = {
			isa = PBXGroup;
			children = (
				PREVMOCKS1A2B3C4D5E6F71 /* PreviewMocks.swift */,
			);
			path = Mocks;
			sourceTree = "<group>";
		};
/* End PBXGroup section */

/* Begin PBXNativeTarget section */
		0FD823F73DCD48B08A2EDE97 /* Pindrop */ = {
			isa = PBXNativeTarget;
			buildConfigurationList = BC51A0710CA54327ADB4808B /* Build configuration list for PBXNativeTarget "Pindrop" */;
			buildPhases = (
				6E3989E80A1A4BF5BEC7A015 /* Sources */,
				37A010B78338464E90A60BD4 /* Frameworks */,
				C9D46B9D12B748D9BBCFE2A3 /* Resources */,
			);
			buildRules = (
			);
			dependencies = (
			);
			name = Pindrop;
packageProductDependencies = (
563D563B8CE142449E7030FB /* WhisperKit */,
FLUIDAUDIODEP01A2B3C4D5E6F /* FluidAudio */,
SPARKLEDEP01A2B3C4D5E6F /* Sparkle */,
);
			productName = Pindrop;
			productReference = 05406A418EF343BAA525028E /* Pindrop.app */;
			productType = "com.apple.product-type.application";
		};
		34DFA0DE5A5849FB8E573465 /* PindropTests */ = {
			isa = PBXNativeTarget;
			buildConfigurationList = 327124D8751B4EAD848A604E /* Build configuration list for PBXNativeTarget "PindropTests" */;
			buildPhases = (
				572D6581DD0541D98D9191B2 /* Sources */,
				CBC1B6398AC040CF9417EDEC /* Frameworks */,
				5B1824F22A9E4FB191605618 /* Resources */,
			);
			buildRules = (
			);
			dependencies = (
				F0C1B134452E48C391DD6F8B /* PBXTargetDependency */,
			);
			name = PindropTests;
			productName = PindropTests;
			productReference = C017B84CBC554D8192D38FFA /* PindropTests.xctest */;
			productType = "com.apple.product-type.bundle.unit-test";
		};
/* End PBXNativeTarget section */

/* Begin PBXProject section */
		776C744285EF4862B4D98FA8 /* Project object */ = {
			isa = PBXProject;
			attributes = {
				BuildIndependentTargetsInParallel = 1;
				LastSwiftUpdateCheck = 1520;
				LastUpgradeCheck = 2610;
				TargetAttributes = {
					0FD823F73DCD48B08A2EDE97 = {
						CreatedOnToolsVersion = 15.2;
					};
					34DFA0DE5A5849FB8E573465 = {
						CreatedOnToolsVersion = 15.2;
						TestTargetID = 0FD823F73DCD48B08A2EDE97;
					};
				};
			};
			buildConfigurationList = CE6B2A8232E543F8A0E377DF /* Build configuration list for PBXProject "Pindrop" */;
			developmentRegion = en;
			hasScannedForEncodings = 0;
			knownRegions = (
				en,
				Base,
			);
			mainGroup = 2AE7116BC5A64F50B5790CC7;
packageReferences = (
CFD28D45C1FE4DF09ED8A269 /* XCRemoteSwiftPackageReference "WhisperKit" */,
FLUIDAUDIOREF01A2B3C4D5E6F /* XCRemoteSwiftPackageReference "FluidAudio" */,
SPARKLEREF01A2B3C4D5E6F /* XCRemoteSwiftPackageReference "Sparkle" */,
);
			preferredProjectObjectVersion = 90;
			productRefGroup = 34D7D79B92CD42AA8CBA1057 /* Products */;
			projectDirPath = "";
			projectRoot = "";
			targets = (
				0FD823F73DCD48B08A2EDE97 /* Pindrop */,
				34DFA0DE5A5849FB8E573465 /* PindropTests */,
			);
		};
/* End PBXProject section */

/* Begin PBXResourcesBuildPhase section */
		5B1824F22A9E4FB191605618 /* Resources */ = {
			isa = PBXResourcesBuildPhase;
			files = (
			);
		};
		C9D46B9D12B748D9BBCFE2A3 /* Resources */ = {
			isa = PBXResourcesBuildPhase;
			files = (
				440249066D0941BF82CA74EB /* Preview Assets.xcassets in Resources */,
				509539AC0B5D433489196E46 /* Assets.xcassets in Resources */,
				APPICON02A2B3C4D5E6F70 /* Pindrop.icon in Resources */,
			);
		};
/* End PBXResourcesBuildPhase section */

/* Begin PBXSourcesBuildPhase section */
		572D6581DD0541D98D9191B2 /* Sources */ = {
			isa = PBXSourcesBuildPhase;
			files = (
				044201dbd4cc4a29bd49c2e6 /* AudioRecorderTests.swift in Sources */,
				B105C906BA4047A6B066CA79 /* HotkeyManagerTests.swift in Sources */,
				845be0a71ffe4a039b34fef0 /* TranscriptionServiceTests.swift in Sources */,
			1158ABD0BAC14CAE88EF0D16 /* OutputManagerTests.swift in Sources */,
			6B2BB9C7EBDC41319789EF2F /* HistoryStoreTests.swift in Sources */,
			DICTSTORE1A2B3C4D5E6F70 /* DictionaryStoreTests.swift in Sources */,
				NOTESTEST1A2B3C4D5E6F70 /* NotesStoreTests.swift in Sources */,
			TRANSENG04A2B3C4D5E6F /* TranscriptionEngineTests.swift in Sources */,
			WHISPERENG04A2B3C4D5E6F /* WhisperKitEngineTests.swift in Sources */,
			PARAKEETENGTEST02A2B3C4D5E6F /* ParakeetEngineTests.swift in Sources */,
UPDATESVC01A2B3C4D5E6F70 /* UpdateServiceTests.swift in Sources */,
		);
		};
		6E3989E80A1A4BF5BEC7A015 /* Sources */ = {
			isa = PBXSourcesBuildPhase;
		files = (
			01E366562FAA4505B9775ACB /* PindropApp.swift in Sources */,
				068e6590ab3f41c7a2a40bbb /* AudioRecorder.swift in Sources */,
				299088D708924A1D8ECC138D /* HotkeyManager.swift in Sources */,
				LAUNCHLOGINMGR01A2B3C4D5E6F /* LaunchAtLoginManager.swift in Sources */,
			UPDATESVC01A2B3C4D5E6F /* UpdateService.swift in Sources */,
				5c68c45920464b818cff4e69 /* TranscriptionService.swift in Sources */,
				751e7a8692f447b98321b9c9 /* PermissionManager.swift in Sources */,
				14FDF042180B47FFAD78DA68 /* OutputManager.swift in Sources */,
				E165F5F47804463DB0238E36 /* TranscriptionRecord.swift in Sources */,
				862E74C35C4D46713D5A1B80 /* TranscriptionRecordSchema.swift in Sources */,
				WORDRPLACEA1B2C3D4 /* WordReplacement.swift in Sources */,
			VOCABWORDA1B2C3D4 /* VocabularyWord.swift in Sources */,
			NOTESCH001A2B3C4D5 /* NoteSchema.swift in Sources */,
			NOTESW001A2B3C4D5E6 /* Note.swift in Sources */,
			FEATMODEL1A2B3C4D5E6F /* FeatureModelType.swift in Sources */,
			BC44C77F1DDD43BFAD8A88BD /* HistoryStore.swift in Sources */,
			DICTSTORE2A2B3C4D5E6F70 /* DictionaryStore.swift in Sources */,
			2F1ECEC2A1DC49B6B4E4E5B6 /* SettingsWindow.swift in Sources */,
				0588BEAA2351458CB276E230 /* GeneralSettingsView.swift in Sources */,
				DEADBEEF0000000000000001 /* UpdateSettingsView.swift in Sources */,
				AD95CE8AF12F494FB66DA5EB /* HotkeysSettingsView.swift in Sources */,
				4C54BB46B4564F05906BBC7C /* ModelsSettingsView.swift in Sources */,
				83556706A5B946DA8E8D1F05 /* AboutSettingsView.swift in Sources */,
			9AD845AB6A464CB0A312F1F8 /* AIEnhancementSettingsView.swift in Sources */,
			DICTVIEW1A2B3C4D5E6F70 /* DictionarySettingsView.swift in Sources */,
			A1B2C3D4E5F6789012345679 /* SettingsStore.swift in Sources */,
				B2C3D4E5F6789012345678AB /* ModelManager.swift in Sources */,
				4C6B0181BA512555942717CB /* AppCoordinator.swift in Sources */,
				E759D485AF275927D5306AA9 /* AIEnhancementService.swift in Sources */,
				C75862009B5F6B105036E5B7 /* StatusBarController.swift in Sources */,
			C8D207D26857A8C43B750159 /* FloatingIndicator.swift in Sources */,
			PILLIND001A2B3C4D5E6F70 /* PillFloatingIndicator.swift in Sources */,
			FLOATTYP001A2B3C4D5E6F70 /* FloatingIndicatorType.swift in Sources */,
			LOGGER001A2B3C4D5E6F70 /* Logger.swift in Sources */,
				ALERT001A2B3C4D5E6F70 /* AlertManager.swift in Sources */,
				D80025B628E760D11B48574D /* OnboardingWindow.swift in Sources */,
				7C9FFAAD40CEE61496E8C14C /* OnboardingWindowController.swift in Sources */,
				3A991DE907202841FF536AB0 /* WelcomeStepView.swift in Sources */,
				D6FEA1BD5772A0BC1316C3A9 /* ModelSelectionStepView.swift in Sources */,
				A428D3EC1196D7E8CE77FB0D /* ModelDownloadStepView.swift in Sources */,
				6EA189DAD2FC954E2AA5B6B3 /* AIEnhancementStepView.swift in Sources */,
				6E6131CA672EBD7B453B6F24 /* PermissionsStepView.swift in Sources */,
				232267860F877408134770BC /* HotkeySetupStepView.swift in Sources */,
				5D84F939724532CB7B75F459 /* ReadyStepView.swift in Sources */,
				70CE9E64F744FED2830FD930 /* Icons.swift in Sources */,
				THEME001A2B3C4D5E6F70 /* Theme.swift in Sources */,
				SPLASH01A2B3C4D5E6F70 /* SplashScreen.swift in Sources */,
				MAINWIN1A2B3C4D5E6F70 /* MainWindow.swift in Sources */,
				DASHBRD1A2B3C4D5E6F70 /* DashboardView.swift in Sources */,
				HISTVW01A2B3C4D5E6F70 /* HistoryView.swift in Sources */,
				CEACBC45493663E081E4B1FA /* CopyButton.swift in Sources */,
							NOTESVIEW1A2B3C4D5E6F70 /* NotesView.swift in Sources */,
			NOTECARD01A2B3C4D5E6F70 /* NoteCardView.swift in Sources */,
			NOTEEDIT01A2B3C4D5E6F70 /* NoteEditorWindow.swift in Sources */,
			NOTESTORE1A2B3C4D5E6F70 /* NotesStore.swift in Sources */,
			MARKDOWN01A2B3C4D5E6F70 /* MarkdownEditor.swift in Sources */,
			PREVMOCKS1A2B3C4D5E6F70 /* PreviewMocks.swift in Sources */,
			TRANSENG02A2B3C4D5E6F /* TranscriptionEngine.swift in Sources */,
			WHISPERENG02A2B3C4D5E6F /* WhisperKitEngine.swift in Sources */,
			PARAKEETENG02A2B3C4D5E6F /* ParakeetEngine.swift in Sources */,
			AUDIOCAPS02A2B3C4D5E6F /* AudioEngineCapabilities.swift in Sources */,
			VADDETECT02A2B3C4D5E6F /* VoiceActivityDetector.swift in Sources */,
			SPKDIARIZ02A2B3C4D5E6F /* SpeakerDiarizer.swift in Sources */,
			STREAMASR02A2B3C4D5E6F /* StreamingTranscriptionEngine.swift in Sources */,
			TTSENGINE02A2B3C4D5E6F /* TextToSpeechEngine.swift in Sources */,
		);
	};
/* End PBXSourcesBuildPhase section */

/* Begin PBXTargetDependency section */
		F0C1B134452E48C391DD6F8B /* PBXTargetDependency */ = {
			isa = PBXTargetDependency;
			target = 0FD823F73DCD48B08A2EDE97 /* Pindrop */;
			targetProxy = EA4676B79B4D48828872854F /* PBXContainerItemProxy */;
		};
/* End PBXTargetDependency section */

/* Begin XCBuildConfiguration section */
		1B6FC9C1336E468D9423A6A1 /* Debug */ = {
			isa = XCBuildConfiguration;
			buildSettings = {
				BUNDLE_LOADER = "$(TEST_HOST)";
				CODE_SIGN_STYLE = Automatic;
				CURRENT_PROJECT_VERSION = 1;
				DEAD_CODE_STRIPPING = YES;
				GENERATE_INFOPLIST_FILE = YES;
				MACOSX_DEPLOYMENT_TARGET = 14.0;
				MARKETING_VERSION = 1.3.0;
				PRODUCT_BUNDLE_IDENTIFIER = com.pindrop.app.tests;
				PRODUCT_NAME = "$(TARGET_NAME)";
				SWIFT_EMIT_LOC_STRINGS = NO;
				SWIFT_VERSION = 5.0;
				TEST_HOST = "$(BUILT_PRODUCTS_DIR)/Pindrop.app/$(BUNDLE_EXECUTABLE_FOLDER_PATH)/Pindrop";
			};
			name = Debug;
		};
		43E6B155CC064EB6B87599AA /* Debug */ = {
			isa = XCBuildConfiguration;
			buildSettings = {
				ASSETCATALOG_COMPILER_APPICON_NAME = Pindrop;
				ASSETCATALOG_COMPILER_GLOBAL_ACCENT_COLOR_NAME = AccentColor;
				ASSETCATALOG_COMPILER_INCLUDE_ALL_APPICON_ASSETS = YES;
				CODE_SIGN_ENTITLEMENTS = Pindrop/Pindrop.entitlements;
				"CODE_SIGN_IDENTITY[sdk=macosx*]" = "Apple Development";
				CODE_SIGN_STYLE = Automatic;
				COMBINE_HIDPI_IMAGES = YES;
				CURRENT_PROJECT_VERSION = 1;
				DEAD_CODE_STRIPPING = YES;
				DEVELOPMENT_ASSET_PATHS = "\"Pindrop/Preview Content\"";
				DEVELOPMENT_TEAM = 69CJ6D9UG7;
				ENABLE_APP_SANDBOX = NO;
				ENABLE_PREVIEWS = YES;
				GENERATE_INFOPLIST_FILE = NO;
				INFOPLIST_FILE = Pindrop/Info.plist;
				INFOPLIST_KEY_CFBundleDisplayName = Pindrop;
				INFOPLIST_KEY_LSApplicationCategoryType = "public.app-category.productivity";
				INFOPLIST_KEY_NSHumanReadableCopyright = "";
				INFOPLIST_KEY_NSMicrophoneUsageDescription = "Pindrop needs microphone access to transcribe your voice.";
				LD_RUNPATH_SEARCH_PATHS = (
					"$(inherited)",
					"@executable_path/../Frameworks",
				);
				MARKETING_VERSION = 1.3.0;
				PRODUCT_BUNDLE_IDENTIFIER = app.pindrop.pindrop;
				PRODUCT_NAME = "$(TARGET_NAME)";
				SWIFT_EMIT_LOC_STRINGS = YES;
				SWIFT_VERSION = 5.0;
			};
			name = Debug;
		};
		56B0E9F937994EEC981FCB7B /* Release */ = {
			isa = XCBuildConfiguration;
			buildSettings = {
				ALWAYS_SEARCH_USER_PATHS = NO;
				ASSETCATALOG_COMPILER_GENERATE_SWIFT_ASSET_SYMBOL_EXTENSIONS = YES;
				CLANG_ANALYZER_NONNULL = YES;
				CLANG_ANALYZER_NUMBER_OBJECT_CONVERSION = YES_AGGRESSIVE;
				CLANG_CXX_LANGUAGE_STANDARD = "gnu++20";
				CLANG_ENABLE_MODULES = YES;
				CLANG_ENABLE_OBJC_ARC = YES;
				CLANG_ENABLE_OBJC_WEAK = YES;
				CLANG_WARN_BLOCK_CAPTURE_AUTORELEASING = YES;
				CLANG_WARN_BOOL_CONVERSION = YES;
				CLANG_WARN_COMMA = YES;
				CLANG_WARN_CONSTANT_CONVERSION = YES;
				CLANG_WARN_DEPRECATED_OBJC_IMPLEMENTATIONS = YES;
				CLANG_WARN_DIRECT_OBJC_ISA_USAGE = YES_ERROR;
				CLANG_WARN_DOCUMENTATION_COMMENTS = YES;
				CLANG_WARN_EMPTY_BODY = YES;
				CLANG_WARN_ENUM_CONVERSION = YES;
				CLANG_WARN_INFINITE_RECURSION = YES;
				CLANG_WARN_INT_CONVERSION = YES;
				CLANG_WARN_NON_LITERAL_NULL_CONVERSION = YES;
				CLANG_WARN_OBJC_IMPLICIT_RETAIN_SELF = YES;
				CLANG_WARN_OBJC_LITERAL_CONVERSION = YES;
				CLANG_WARN_OBJC_ROOT_CLASS = YES_ERROR;
				CLANG_WARN_QUOTED_INCLUDE_IN_FRAMEWORK_HEADER = YES;
				CLANG_WARN_RANGE_LOOP_ANALYSIS = YES;
				CLANG_WARN_STRICT_PROTOTYPES = YES;
				CLANG_WARN_SUSPICIOUS_MOVE = YES;
				CLANG_WARN_UNGUARDED_AVAILABILITY = YES_AGGRESSIVE;
				CLANG_WARN_UNREACHABLE_CODE = YES;
				CLANG_WARN__DUPLICATE_METHOD_MATCH = YES;
				COPY_PHASE_STRIP = NO;
				DEAD_CODE_STRIPPING = YES;
				DEBUG_INFORMATION_FORMAT = "dwarf-with-dsym";
				ENABLE_NS_ASSERTIONS = NO;
				ENABLE_STRICT_OBJC_MSGSEND = YES;
				ENABLE_USER_SCRIPT_SANDBOXING = YES;
				GCC_C_LANGUAGE_STANDARD = gnu17;
				GCC_NO_COMMON_BLOCKS = YES;
				GCC_WARN_64_TO_32_BIT_CONVERSION = YES;
				GCC_WARN_ABOUT_RETURN_TYPE = YES_ERROR;
				GCC_WARN_UNDECLARED_SELECTOR = YES;
				GCC_WARN_UNINITIALIZED_AUTOS = YES_AGGRESSIVE;
				GCC_WARN_UNUSED_FUNCTION = YES;
				GCC_WARN_UNUSED_VARIABLE = YES;
				LOCALIZATION_PREFERS_STRING_CATALOGS = YES;
				MACOSX_DEPLOYMENT_TARGET = 14.0;
				MTL_ENABLE_DEBUG_INFO = NO;
				MTL_FAST_MATH = YES;
				SDKROOT = macosx;
				STRING_CATALOG_GENERATE_SYMBOLS = YES;
				SWIFT_COMPILATION_MODE = wholemodule;
			};
			name = Release;
		};
		9970B5DAF7B249B88C21B810 /* Debug */ = {
			isa = XCBuildConfiguration;
			buildSettings = {
				ALWAYS_SEARCH_USER_PATHS = NO;
				ASSETCATALOG_COMPILER_GENERATE_SWIFT_ASSET_SYMBOL_EXTENSIONS = YES;
				CLANG_ANALYZER_NONNULL = YES;
				CLANG_ANALYZER_NUMBER_OBJECT_CONVERSION = YES_AGGRESSIVE;
				CLANG_CXX_LANGUAGE_STANDARD = "gnu++20";
				CLANG_ENABLE_MODULES = YES;
				CLANG_ENABLE_OBJC_ARC = YES;
				CLANG_ENABLE_OBJC_WEAK = YES;
				CLANG_WARN_BLOCK_CAPTURE_AUTORELEASING = YES;
				CLANG_WARN_BOOL_CONVERSION = YES;
				CLANG_WARN_COMMA = YES;
				CLANG_WARN_CONSTANT_CONVERSION = YES;
				CLANG_WARN_DEPRECATED_OBJC_IMPLEMENTATIONS = YES;
				CLANG_WARN_DIRECT_OBJC_ISA_USAGE = YES_ERROR;
				CLANG_WARN_DOCUMENTATION_COMMENTS = YES;
				CLANG_WARN_EMPTY_BODY = YES;
				CLANG_WARN_ENUM_CONVERSION = YES;
				CLANG_WARN_INFINITE_RECURSION = YES;
				CLANG_WARN_INT_CONVERSION = YES;
				CLANG_WARN_NON_LITERAL_NULL_CONVERSION = YES;
				CLANG_WARN_OBJC_IMPLICIT_RETAIN_SELF = YES;
				CLANG_WARN_OBJC_LITERAL_CONVERSION = YES;
				CLANG_WARN_OBJC_ROOT_CLASS = YES_ERROR;
				CLANG_WARN_QUOTED_INCLUDE_IN_FRAMEWORK_HEADER = YES;
				CLANG_WARN_RANGE_LOOP_ANALYSIS = YES;
				CLANG_WARN_STRICT_PROTOTYPES = YES;
				CLANG_WARN_SUSPICIOUS_MOVE = YES;
				CLANG_WARN_UNGUARDED_AVAILABILITY = YES_AGGRESSIVE;
				CLANG_WARN_UNREACHABLE_CODE = YES;
				CLANG_WARN__DUPLICATE_METHOD_MATCH = YES;
				COPY_PHASE_STRIP = NO;
				DEAD_CODE_STRIPPING = YES;
				DEBUG_INFORMATION_FORMAT = dwarf;
				ENABLE_STRICT_OBJC_MSGSEND = YES;
				ENABLE_TESTABILITY = YES;
				ENABLE_USER_SCRIPT_SANDBOXING = YES;
				GCC_C_LANGUAGE_STANDARD = gnu17;
				GCC_DYNAMIC_NO_PIC = NO;
				GCC_NO_COMMON_BLOCKS = YES;
				GCC_OPTIMIZATION_LEVEL = 0;
				GCC_PREPROCESSOR_DEFINITIONS = (
					"DEBUG=1",
					"$(inherited)",
				);
				GCC_WARN_64_TO_32_BIT_CONVERSION = YES;
				GCC_WARN_ABOUT_RETURN_TYPE = YES_ERROR;
				GCC_WARN_UNDECLARED_SELECTOR = YES;
				GCC_WARN_UNINITIALIZED_AUTOS = YES_AGGRESSIVE;
				GCC_WARN_UNUSED_FUNCTION = YES;
				GCC_WARN_UNUSED_VARIABLE = YES;
				LOCALIZATION_PREFERS_STRING_CATALOGS = YES;
				MACOSX_DEPLOYMENT_TARGET = 14.0;
				MTL_ENABLE_DEBUG_INFO = INCLUDE_SOURCE;
				MTL_FAST_MATH = YES;
				ONLY_ACTIVE_ARCH = YES;
				SDKROOT = macosx;
				STRING_CATALOG_GENERATE_SYMBOLS = YES;
				SWIFT_ACTIVE_COMPILATION_CONDITIONS = "DEBUG $(inherited)";
				SWIFT_OPTIMIZATION_LEVEL = "-Onone";
			};
			name = Debug;
		};
		ACFBF317EB984E0B81259D41 /* Release */ = {
			isa = XCBuildConfiguration;
			buildSettings = {
				ASSETCATALOG_COMPILER_APPICON_NAME = Pindrop;
				ASSETCATALOG_COMPILER_GLOBAL_ACCENT_COLOR_NAME = AccentColor;
				ASSETCATALOG_COMPILER_INCLUDE_ALL_APPICON_ASSETS = YES;
				CODE_SIGN_ENTITLEMENTS = Pindrop/Pindrop.entitlements;
				"CODE_SIGN_IDENTITY[sdk=macosx*]" = "Apple Development";
				CODE_SIGN_STYLE = Automatic;
				COMBINE_HIDPI_IMAGES = YES;
				CURRENT_PROJECT_VERSION = 1;
				DEAD_CODE_STRIPPING = YES;
				DEVELOPMENT_ASSET_PATHS = "\"Pindrop/Preview Content\"";
				DEVELOPMENT_TEAM = 69CJ6D9UG7;
				ENABLE_APP_SANDBOX = NO;
				ENABLE_PREVIEWS = YES;
				GENERATE_INFOPLIST_FILE = NO;
				INFOPLIST_FILE = Pindrop/Info.plist;
				INFOPLIST_KEY_CFBundleDisplayName = Pindrop;
				INFOPLIST_KEY_LSApplicationCategoryType = "public.app-category.productivity";
				INFOPLIST_KEY_NSHumanReadableCopyright = "";
				INFOPLIST_KEY_NSMicrophoneUsageDescription = "Pindrop needs microphone access to transcribe your voice.";
				LD_RUNPATH_SEARCH_PATHS = (
					"$(inherited)",
					"@executable_path/../Frameworks",
				);
				MARKETING_VERSION = 1.3.0;
				PRODUCT_BUNDLE_IDENTIFIER = app.pindrop.pindrop;
				PRODUCT_NAME = "$(TARGET_NAME)";
				SWIFT_EMIT_LOC_STRINGS = YES;
				SWIFT_VERSION = 5.0;
			};
			name = Release;
		};
		D454E3FD60AF4D7FBDA58E62 /* Release */ = {
			isa = XCBuildConfiguration;
			buildSettings = {
				BUNDLE_LOADER = "$(TEST_HOST)";
				CODE_SIGN_STYLE = Automatic;
				CURRENT_PROJECT_VERSION = 1;
				DEAD_CODE_STRIPPING = YES;
				GENERATE_INFOPLIST_FILE = YES;
				MACOSX_DEPLOYMENT_TARGET = 14.0;
				MARKETING_VERSION = 1.3.0;
				PRODUCT_BUNDLE_IDENTIFIER = com.pindrop.app.tests;
				PRODUCT_NAME = "$(TARGET_NAME)";
				SWIFT_EMIT_LOC_STRINGS = NO;
				SWIFT_VERSION = 5.0;
				TEST_HOST = "$(BUILT_PRODUCTS_DIR)/Pindrop.app/$(BUNDLE_EXECUTABLE_FOLDER_PATH)/Pindrop";
			};
			name = Release;
		};
/* End XCBuildConfiguration section */

/* Begin XCConfigurationList section */
		327124D8751B4EAD848A604E /* Build configuration list for PBXNativeTarget "PindropTests" */ = {
			isa = XCConfigurationList;
			buildConfigurations = (
				1B6FC9C1336E468D9423A6A1 /* Debug */,
				D454E3FD60AF4D7FBDA58E62 /* Release */,
			);
			defaultConfigurationName = Release;
		};
		BC51A0710CA54327ADB4808B /* Build configuration list for PBXNativeTarget "Pindrop" */ = {
			isa = XCConfigurationList;
			buildConfigurations = (
				43E6B155CC064EB6B87599AA /* Debug */,
				ACFBF317EB984E0B81259D41 /* Release */,
			);
			defaultConfigurationName = Release;
		};
		CE6B2A8232E543F8A0E377DF /* Build configuration list for PBXProject "Pindrop" */ = {
			isa = XCConfigurationList;
			buildConfigurations = (
				9970B5DAF7B249B88C21B810 /* Debug */,
				56B0E9F937994EEC981FCB7B /* Release */,
			);
			defaultConfigurationName = Release;
		};
/* End XCConfigurationList section */

/* Begin XCRemoteSwiftPackageReference section */
		CFD28D45C1FE4DF09ED8A269 /* XCRemoteSwiftPackageReference "WhisperKit" */ = {
			isa = XCRemoteSwiftPackageReference;
			repositoryURL = "https://github.com/argmaxinc/WhisperKit.git";
			requirement = {
				kind = upToNextMajorVersion;
				minimumVersion = 0.9.0;
			};
		};
FLUIDAUDIOREF01A2B3C4D5E6F /* XCRemoteSwiftPackageReference "FluidAudio" */ = {
isa = XCRemoteSwiftPackageReference;
repositoryURL = "https://github.com/FluidInference/FluidAudio.git";
requirement = {
kind = branch;
branch = main;
};
};
SPARKLEREF01A2B3C4D5E6F /* XCRemoteSwiftPackageReference "Sparkle" */ = {
isa = XCRemoteSwiftPackageReference;
repositoryURL = "https://github.com/sparkle-project/Sparkle";
requirement = {
kind = upToNextMajorVersion;
minimumVersion = 2.6.0;
};
};
/* End XCRemoteSwiftPackageReference section */

/* Begin XCSwiftPackageProductDependency section */
		563D563B8CE142449E7030FB /* WhisperKit */ = {
			isa = XCSwiftPackageProductDependency;
			package = CFD28D45C1FE4DF09ED8A269 /* XCRemoteSwiftPackageReference "WhisperKit" */;
			productName = WhisperKit;
		};
FLUIDAUDIODEP01A2B3C4D5E6F /* FluidAudio */ = {
isa = XCSwiftPackageProductDependency;
package = FLUIDAUDIOREF01A2B3C4D5E6F /* XCRemoteSwiftPackageReference "FluidAudio" */;
productName = FluidAudio;
};
SPARKLEDEP01A2B3C4D5E6F /* Sparkle */ = {
isa = XCSwiftPackageProductDependency;
package = SPARKLEREF01A2B3C4D5E6F /* XCRemoteSwiftPackageReference "Sparkle" */;
productName = Sparkle;
};
/* End XCSwiftPackageProductDependency section */
	};
	rootObject = 776C744285EF4862B4D98FA8 /* Project object */;
}
