// !$*UTF8*$!
{
	archiveVersion = 1;
	classes = {
	};
	objectVersion = 56;
	objects = {

/* Begin PBXBuildFile section */
		01E366562FAA4505B9775ACB /* PindropApp.swift in Sources */ = {isa = PBXBuildFile; fileRef = 01E366552FAA4505B9775ACB /* PindropApp.swift */; };
		07816D7BAE614A1C8B3057F6 /* ContentView.swift in Sources */ = {isa = PBXBuildFile; fileRef = 07816D7AAE614A1C8B3057F6 /* ContentView.swift */; };
		509539AC0B5D433489196E46 /* Assets.xcassets in Resources */ = {isa = PBXBuildFile; fileRef = 509539AB0B5D433489196E46 /* Assets.xcassets */; };
		440249066D0941BF82CA74EB /* Preview Assets.xcassets in Resources */ = {isa = PBXBuildFile; fileRef = 440249056D0941BF82CA74EB /* Preview Assets.xcassets */; };
		E30EF5B5D83B494BB7B98568 /* WhisperKit in Frameworks */ = {isa = PBXBuildFile; productRef = 563D563B8CE142449E7030FB /* WhisperKit */; };
		4B450B1DCBEF4CF199EEA4DE /* PindropTests.swift in Sources */ = {isa = PBXBuildFile; fileRef = 1175C96AA5AE4B1691893105 /* PindropTests.swift */; };
		299088D708924A1D8ECC138D /* HotkeyManager.swift in Sources */ = {isa = PBXBuildFile; fileRef = BD0F4D7C7ADA4236A1D28249 /* HotkeyManager.swift */; };
		B105C906BA4047A6B066CA79 /* HotkeyManagerTests.swift in Sources */ = {isa = PBXBuildFile; fileRef = D61D78A13A5C4AAD839A3F76 /* HotkeyManagerTests.swift */; };
		068e6590ab3f41c7a2a40bbb /* AudioRecorder.swift in Sources */ = {isa = PBXBuildFile; fileRef = f5b1372d4c0e4e96a1ed0b59 /* AudioRecorder.swift */; };
		044201dbd4cc4a29bd49c2e6 /* AudioRecorderTests.swift in Sources */ = {isa = PBXBuildFile; fileRef = 8b6f20a4a9dd4d65a428336a /* AudioRecorderTests.swift */; };
		5c68c45920464b818cff4e69 /* TranscriptionService.swift in Sources */ = {isa = PBXBuildFile; fileRef = 6f62938483ec4a11ad5636be /* TranscriptionService.swift */; };
		845be0a71ffe4a039b34fef0 /* TranscriptionServiceTests.swift in Sources */ = {isa = PBXBuildFile; fileRef = bf7758dd063c42db8315390e /* TranscriptionServiceTests.swift */; };
		751e7a8692f447b98321b9c9 /* PermissionManager.swift in Sources */ = {isa = PBXBuildFile; fileRef = a2189a034cf447e08e86f24b /* PermissionManager.swift */; };
		14FDF042180B47FFAD78DA68 /* OutputManager.swift in Sources */ = {isa = PBXBuildFile; fileRef = CB05E1BC11534652810B091F /* OutputManager.swift */; };
		1158ABD0BAC14CAE88EF0D16 /* OutputManagerTests.swift in Sources */ = {isa = PBXBuildFile; fileRef = 8AED90D301B14DA19D138987 /* OutputManagerTests.swift */; };
		E165F5F47804463DB0238E36 /* TranscriptionRecord.swift in Sources */ = {isa = PBXBuildFile; fileRef = 31399FF62DAD4C98BBC616B3 /* TranscriptionRecord.swift */; };
		BC44C77F1DDD43BFAD8A88BD /* HistoryStore.swift in Sources */ = {isa = PBXBuildFile; fileRef = CDDC77E732664A859279FEC9 /* HistoryStore.swift */; };
		6B2BB9C7EBDC41319789EF2F /* HistoryStoreTests.swift in Sources */ = {isa = PBXBuildFile; fileRef = E0729D0116F8418084311F4C /* HistoryStoreTests.swift */; };
		BEC4B9344B1B4AB2B50138C1 /* HistoryWindow.swift in Sources */ = {isa = PBXBuildFile; fileRef = E0D8D78D2C8447D2B5DD712B /* HistoryWindow.swift */; };
		2F1ECEC2A1DC49B6B4E4E5B6 /* SettingsWindow.swift in Sources */ = {isa = PBXBuildFile; fileRef = B03BAE36B1E64FE6BB38D403 /* SettingsWindow.swift */; };
		0588BEAA2351458CB276E230 /* GeneralSettingsView.swift in Sources */ = {isa = PBXBuildFile; fileRef = 8B0A66F0A9C04230977FF4F8 /* GeneralSettingsView.swift */; };
		AD95CE8AF12F494FB66DA5EB /* HotkeysSettingsView.swift in Sources */ = {isa = PBXBuildFile; fileRef = DBCE211FE788482E9E1A68F5 /* HotkeysSettingsView.swift */; };
		4C54BB46B4564F05906BBC7C /* ModelsSettingsView.swift in Sources */ = {isa = PBXBuildFile; fileRef = 643AABFF228E4861A399A74F /* ModelsSettingsView.swift */; };
		9AD845AB6A464CB0A312F1F8 /* AIEnhancementSettingsView.swift in Sources */ = {isa = PBXBuildFile; fileRef = 44EA00B68B5647C5A7ED8537 /* AIEnhancementSettingsView.swift */; };
		A1B2C3D4E5F6789012345679 /* SettingsStore.swift in Sources */ = {isa = PBXBuildFile; fileRef = F1A2B3C4D5E6F7890A1B2C3D /* SettingsStore.swift */; };
		B2C3D4E5F6789012345678AB /* ModelManager.swift in Sources */ = {isa = PBXBuildFile; fileRef = E9D8C7B6A5F4E3D2C1B0A9F8 /* ModelManager.swift */; };
/* End PBXBuildFile section */

/* Begin PBXContainerItemProxy section */
		EA4676B79B4D48828872854F /* PBXContainerItemProxy */ = {
			isa = PBXContainerItemProxy;
			containerPortal = 776C744285EF4862B4D98FA8 /* Project object */;
			proxyType = 1;
			remoteGlobalIDString = 0FD823F73DCD48B08A2EDE97;
			remoteInfo = Pindrop;
		};
/* End PBXContainerItemProxy section */

/* Begin PBXFileReference section */
		05406A418EF343BAA525028E /* Pindrop.app */ = {isa = PBXFileReference; explicitFileType = wrapper.application; includeInIndex = 0; path = Pindrop.app; sourceTree = BUILT_PRODUCTS_DIR; };
		01E366552FAA4505B9775ACB /* PindropApp.swift */ = {isa = PBXFileReference; lastKnownFileType = sourcecode.swift; path = PindropApp.swift; sourceTree = "<group>"; };
		07816D7AAE614A1C8B3057F6 /* ContentView.swift */ = {isa = PBXFileReference; lastKnownFileType = sourcecode.swift; path = ContentView.swift; sourceTree = "<group>"; };
		509539AB0B5D433489196E46 /* Assets.xcassets */ = {isa = PBXFileReference; lastKnownFileType = folder.assetcatalog; path = Assets.xcassets; sourceTree = "<group>"; };
		440249056D0941BF82CA74EB /* Preview Assets.xcassets */ = {isa = PBXFileReference; lastKnownFileType = folder.assetcatalog; path = "Preview Assets.xcassets"; sourceTree = "<group>"; };
		8B28B59A0FB34CF9A0080275 /* Info.plist */ = {isa = PBXFileReference; lastKnownFileType = text.plist.xml; path = Info.plist; sourceTree = "<group>"; };
		BDDB99579A8D461A8E66F4C3 /* Pindrop.entitlements */ = {isa = PBXFileReference; lastKnownFileType = text.plist.entitlements; path = Pindrop.entitlements; sourceTree = "<group>"; };
		C017B84CBC554D8192D38FFA /* PindropTests.xctest */ = {isa = PBXFileReference; explicitFileType = wrapper.cfbundle; includeInIndex = 0; path = PindropTests.xctest; sourceTree = BUILT_PRODUCTS_DIR; };
		1175C96AA5AE4B1691893105 /* PindropTests.swift */ = {isa = PBXFileReference; lastKnownFileType = sourcecode.swift; path = PindropTests.swift; sourceTree = "<group>"; };
		BD0F4D7C7ADA4236A1D28249 /* HotkeyManager.swift */ = {isa = PBXFileReference; lastKnownFileType = sourcecode.swift; path = HotkeyManager.swift; sourceTree = "<group>"; };
		D61D78A13A5C4AAD839A3F76 /* HotkeyManagerTests.swift */ = {isa = PBXFileReference; lastKnownFileType = sourcecode.swift; path = HotkeyManagerTests.swift; sourceTree = "<group>"; };
		f5b1372d4c0e4e96a1ed0b59 /* AudioRecorder.swift */ = {isa = PBXFileReference; lastKnownFileType = sourcecode.swift; path = AudioRecorder.swift; sourceTree = "<group>"; };
		8b6f20a4a9dd4d65a428336a /* AudioRecorderTests.swift */ = {isa = PBXFileReference; lastKnownFileType = sourcecode.swift; path = AudioRecorderTests.swift; sourceTree = "<group>"; };
		6f62938483ec4a11ad5636be /* TranscriptionService.swift */ = {isa = PBXFileReference; lastKnownFileType = sourcecode.swift; path = TranscriptionService.swift; sourceTree = "<group>"; };
		bf7758dd063c42db8315390e /* TranscriptionServiceTests.swift */ = {isa = PBXFileReference; lastKnownFileType = sourcecode.swift; path = TranscriptionServiceTests.swift; sourceTree = "<group>"; };
		a2189a034cf447e08e86f24b /* PermissionManager.swift */ = {isa = PBXFileReference; lastKnownFileType = sourcecode.swift; path = PermissionManager.swift; sourceTree = "<group>"; };
		CB05E1BC11534652810B091F /* OutputManager.swift */ = {isa = PBXFileReference; lastKnownFileType = sourcecode.swift; path = OutputManager.swift; sourceTree = "<group>"; };
		8AED90D301B14DA19D138987 /* OutputManagerTests.swift */ = {isa = PBXFileReference; lastKnownFileType = sourcecode.swift; path = OutputManagerTests.swift; sourceTree = "<group>"; };
		31399FF62DAD4C98BBC616B3 /* TranscriptionRecord.swift */ = {isa = PBXFileReference; lastKnownFileType = sourcecode.swift; path = TranscriptionRecord.swift; sourceTree = "<group>"; };
		CDDC77E732664A859279FEC9 /* HistoryStore.swift */ = {isa = PBXFileReference; lastKnownFileType = sourcecode.swift; path = HistoryStore.swift; sourceTree = "<group>"; };
		E0729D0116F8418084311F4C /* HistoryStoreTests.swift */ = {isa = PBXFileReference; lastKnownFileType = sourcecode.swift; path = HistoryStoreTests.swift; sourceTree = "<group>"; };
		E0D8D78D2C8447D2B5DD712B /* HistoryWindow.swift */ = {isa = PBXFileReference; lastKnownFileType = sourcecode.swift; path = HistoryWindow.swift; sourceTree = "<group>"; };
		B03BAE36B1E64FE6BB38D403 /* SettingsWindow.swift */ = {isa = PBXFileReference; lastKnownFileType = sourcecode.swift; path = SettingsWindow.swift; sourceTree = "<group>"; };
		8B0A66F0A9C04230977FF4F8 /* GeneralSettingsView.swift */ = {isa = PBXFileReference; lastKnownFileType = sourcecode.swift; path = GeneralSettingsView.swift; sourceTree = "<group>"; };
		DBCE211FE788482E9E1A68F5 /* HotkeysSettingsView.swift */ = {isa = PBXFileReference; lastKnownFileType = sourcecode.swift; path = HotkeysSettingsView.swift; sourceTree = "<group>"; };
		643AABFF228E4861A399A74F /* ModelsSettingsView.swift */ = {isa = PBXFileReference; lastKnownFileType = sourcecode.swift; path = ModelsSettingsView.swift; sourceTree = "<group>"; };
		44EA00B68B5647C5A7ED8537 /* AIEnhancementSettingsView.swift */ = {isa = PBXFileReference; lastKnownFileType = sourcecode.swift; path = AIEnhancementSettingsView.swift; sourceTree = "<group>"; };
		F1A2B3C4D5E6F7890A1B2C3D /* SettingsStore.swift */ = {isa = PBXFileReference; lastKnownFileType = sourcecode.swift; path = SettingsStore.swift; sourceTree = "<group>"; };
		E9D8C7B6A5F4E3D2C1B0A9F8 /* ModelManager.swift */ = {isa = PBXFileReference; lastKnownFileType = sourcecode.swift; path = ModelManager.swift; sourceTree = "<group>"; };
/* End PBXFileReference section */

/* Begin PBXFrameworksBuildPhase section */
		37A010B78338464E90A60BD4 /* Frameworks */ = {
			isa = PBXFrameworksBuildPhase;
			buildActionMask = 2147483647;
			files = (
				E30EF5B5D83B494BB7B98568 /* WhisperKit in Frameworks */,
			);
			runOnlyForDeploymentPostprocessing = 0;
		};
		CBC1B6398AC040CF9417EDEC /* Frameworks */ = {
			isa = PBXFrameworksBuildPhase;
			buildActionMask = 2147483647;
			files = (
			);
			runOnlyForDeploymentPostprocessing = 0;
		};
/* End PBXFrameworksBuildPhase section */

/* Begin PBXGroup section */
		2AE7116BC5A64F50B5790CC7 = {
			isa = PBXGroup;
			children = (
				A80BF133F57547198A5A2458 /* Pindrop */,
				AA285F0FC951498CA7AEFEDE /* PindropTests */,
				34D7D79B92CD42AA8CBA1057 /* Products */,
			);
			sourceTree = "<group>";
		};
		34D7D79B92CD42AA8CBA1057 /* Products */ = {
			isa = PBXGroup;
			children = (
				05406A418EF343BAA525028E /* Pindrop.app */,
				C017B84CBC554D8192D38FFA /* PindropTests.xctest */,
			);
			name = Products;
			sourceTree = "<group>";
		};
		AA285F0FC951498CA7AEFEDE /* PindropTests */ = {
			isa = PBXGroup;
			children = (
				1175C96AA5AE4B1691893105 /* PindropTests.swift */,
				8b6f20a4a9dd4d65a428336a /* AudioRecorderTests.swift */,
				D61D78A13A5C4AAD839A3F76 /* HotkeyManagerTests.swift */,
				bf7758dd063c42db8315390e /* TranscriptionServiceTests.swift */,
			
				8AED90D301B14DA19D138987 /* OutputManagerTests.swift */,
				E0729D0116F8418084311F4C /* HistoryStoreTests.swift */,);
			path = PindropTests;
			sourceTree = "<group>";
		};
		A80BF133F57547198A5A2458 /* Pindrop */ = {
			isa = PBXGroup;
			children = (
				8B28B59A0FB34CF9A0080275 /* Info.plist */,
				BDDB99579A8D461A8E66F4C3 /* Pindrop.entitlements */,
				01E366552FAA4505B9775ACB /* PindropApp.swift */,
				07816D7AAE614A1C8B3057F6 /* ContentView.swift */,
				509539AB0B5D433489196E46 /* Assets.xcassets */,
				81f50d309b6a44df90efbd5f /* Services */,
				855E92B9E1094A4A99FE07FF /* Preview Content */,
				DFC5C62F8A77416391D41E42 /* Services */,
			
				38268D286F644C93A216D0F4 /* Models */,				643083A84C484508864DA167 /* UI */,
);
			path = Pindrop;
			sourceTree = "<group>";
		};
		DFC5C62F8A77416391D41E42 /* Services */ = {
			isa = PBXGroup;
			children = (
				BD0F4D7C7ADA4236A1D28249 /* HotkeyManager.swift */,
			);
			path = Services;
			sourceTree = "<group>";
		};
		855E92B9E1094A4A99FE07FF /* Preview Content */ = {
			isa = PBXGroup;
			children = (
				440249056D0941BF82CA74EB /* Preview Assets.xcassets */,
			);
			path = "Preview Content";
			sourceTree = "<group>";
		};
		81f50d309b6a44df90efbd5f /* Services */ = {
			isa = PBXGroup;
			children = (
				f5b1372d4c0e4e96a1ed0b59 /* AudioRecorder.swift */,
				6f62938483ec4a11ad5636be /* TranscriptionService.swift */,
				a2189a034cf447e08e86f24b /* PermissionManager.swift */,
			
				CB05E1BC11534652810B091F /* OutputManager.swift */,
				CDDC77E732664A859279FEC9 /* HistoryStore.swift */,
				F1A2B3C4D5E6F7890A1B2C3D /* SettingsStore.swift */,
				E9D8C7B6A5F4E3D2C1B0A9F8 /* ModelManager.swift */,);
			path = Services;
			sourceTree = "<group>";
		};
		38268D286F644C93A216D0F4 /* Models */ = {
			isa = PBXGroup;
			children = (
				31399FF62DAD4C98BBC616B3 /* TranscriptionRecord.swift */,
			);
			path = Models;
			sourceTree = "<group>";
		};
		643083A84C484508864DA167 /* UI */ = {
			isa = PBXGroup;
			children = (
				E0D8D78D2C8447D2B5DD712B /* HistoryWindow.swift */,
				B03BAE36B1E64FE6BB38D403 /* SettingsWindow.swift */,
				A1B2C3D4E5F6789012345678 /* Settings */,
			);
			path = UI;
			sourceTree = "<group>";
		};
		A1B2C3D4E5F6789012345678 /* Settings */ = {
			isa = PBXGroup;
			children = (
				8B0A66F0A9C04230977FF4F8 /* GeneralSettingsView.swift */,
				DBCE211FE788482E9E1A68F5 /* HotkeysSettingsView.swift */,
				643AABFF228E4861A399A74F /* ModelsSettingsView.swift */,
				44EA00B68B5647C5A7ED8537 /* AIEnhancementSettingsView.swift */,
			);
			path = Settings;
			sourceTree = "<group>";
		};
/* End PBXGroup section */

/* Begin PBXNativeTarget section */
		0FD823F73DCD48B08A2EDE97 /* Pindrop */ = {
			isa = PBXNativeTarget;
			buildConfigurationList = BC51A0710CA54327ADB4808B /* Build configuration list for PBXNativeTarget "Pindrop" */;
			buildPhases = (
				6E3989E80A1A4BF5BEC7A015 /* Sources */,
				37A010B78338464E90A60BD4 /* Frameworks */,
				C9D46B9D12B748D9BBCFE2A3 /* Resources */,
			);
			buildRules = (
			);
			dependencies = (
			);
			name = Pindrop;
			packageProductDependencies = (
				563D563B8CE142449E7030FB /* WhisperKit */,
			);
			productName = Pindrop;
			productReference = 05406A418EF343BAA525028E /* Pindrop.app */;
			productType = "com.apple.product-type.application";
		};
		34DFA0DE5A5849FB8E573465 /* PindropTests */ = {
			isa = PBXNativeTarget;
			buildConfigurationList = 327124D8751B4EAD848A604E /* Build configuration list for PBXNativeTarget "PindropTests" */;
			buildPhases = (
				572D6581DD0541D98D9191B2 /* Sources */,
				CBC1B6398AC040CF9417EDEC /* Frameworks */,
				5B1824F22A9E4FB191605618 /* Resources */,
			);
			buildRules = (
			);
			dependencies = (
				F0C1B134452E48C391DD6F8B /* PBXTargetDependency */,
			);
			name = PindropTests;
			productName = PindropTests;
			productReference = C017B84CBC554D8192D38FFA /* PindropTests.xctest */;
			productType = "com.apple.product-type.bundle.unit-test";
		};
/* End PBXNativeTarget section */

/* Begin PBXProject section */
		776C744285EF4862B4D98FA8 /* Project object */ = {
			isa = PBXProject;
			attributes = {
				BuildIndependentTargetsInParallel = 1;
				LastSwiftUpdateCheck = 1520;
				LastUpgradeCheck = 1520;
				TargetAttributes = {
					0FD823F73DCD48B08A2EDE97 = {
						CreatedOnToolsVersion = 15.2;
					};
					34DFA0DE5A5849FB8E573465 = {
						CreatedOnToolsVersion = 15.2;
						TestTargetID = 0FD823F73DCD48B08A2EDE97;
					};
				};
			};
			buildConfigurationList = CE6B2A8232E543F8A0E377DF /* Build configuration list for PBXProject "Pindrop" */;
			compatibilityVersion = "Xcode 14.0";
			developmentRegion = en;
			hasScannedForEncodings = 0;
			knownRegions = (
				en,
				Base,
			);
			mainGroup = 2AE7116BC5A64F50B5790CC7;
			packageReferences = (
				CFD28D45C1FE4DF09ED8A269 /* XCRemoteSwiftPackageReference "WhisperKit" */,
			);
			productRefGroup = 34D7D79B92CD42AA8CBA1057 /* Products */;
			projectDirPath = "";
			projectRoot = "";
			targets = (
				0FD823F73DCD48B08A2EDE97 /* Pindrop */,
				34DFA0DE5A5849FB8E573465 /* PindropTests */,
			);
		};
/* End PBXProject section */

/* Begin PBXResourcesBuildPhase section */
		C9D46B9D12B748D9BBCFE2A3 /* Resources */ = {
			isa = PBXResourcesBuildPhase;
			buildActionMask = 2147483647;
			files = (
				440249066D0941BF82CA74EB /* Preview Assets.xcassets in Resources */,
				509539AC0B5D433489196E46 /* Assets.xcassets in Resources */,
			);
			runOnlyForDeploymentPostprocessing = 0;
		};
		5B1824F22A9E4FB191605618 /* Resources */ = {
			isa = PBXResourcesBuildPhase;
			buildActionMask = 2147483647;
			files = (
			);
			runOnlyForDeploymentPostprocessing = 0;
		};
/* End PBXResourcesBuildPhase section */

/* Begin PBXSourcesBuildPhase section */
		6E3989E80A1A4BF5BEC7A015 /* Sources */ = {
			isa = PBXSourcesBuildPhase;
			buildActionMask = 2147483647;
			files = (
				07816D7BAE614A1C8B3057F6 /* ContentView.swift in Sources */,
				01E366562FAA4505B9775ACB /* PindropApp.swift in Sources */,
				068e6590ab3f41c7a2a40bbb /* AudioRecorder.swift in Sources */,
				299088D708924A1D8ECC138D /* HotkeyManager.swift in Sources */,
				5c68c45920464b818cff4e69 /* TranscriptionService.swift in Sources */,
				751e7a8692f447b98321b9c9 /* PermissionManager.swift in Sources */,
			
				14FDF042180B47FFAD78DA68 /* OutputManager.swift in Sources */,
				E165F5F47804463DB0238E36 /* TranscriptionRecord.swift in Sources */,
				BC44C77F1DDD43BFAD8A88BD /* HistoryStore.swift in Sources */,				BEC4B9344B1B4AB2B50138C1 /* HistoryWindow.swift in Sources */,
				2F1ECEC2A1DC49B6B4E4E5B6 /* SettingsWindow.swift in Sources */,
				0588BEAA2351458CB276E230 /* GeneralSettingsView.swift in Sources */,
				AD95CE8AF12F494FB66DA5EB /* HotkeysSettingsView.swift in Sources */,
				4C54BB46B4564F05906BBC7C /* ModelsSettingsView.swift in Sources */,
				9AD845AB6A464CB0A312F1F8 /* AIEnhancementSettingsView.swift in Sources */,
				A1B2C3D4E5F6789012345679 /* SettingsStore.swift in Sources */,
				B2C3D4E5F6789012345678AB /* ModelManager.swift in Sources */,
);
			runOnlyForDeploymentPostprocessing = 0;
		};
		572D6581DD0541D98D9191B2 /* Sources */ = {
			isa = PBXSourcesBuildPhase;
			buildActionMask = 2147483647;
			files = (
				4B450B1DCBEF4CF199EEA4DE /* PindropTests.swift in Sources */,
				044201dbd4cc4a29bd49c2e6 /* AudioRecorderTests.swift in Sources */,
				B105C906BA4047A6B066CA79 /* HotkeyManagerTests.swift in Sources */,
				845be0a71ffe4a039b34fef0 /* TranscriptionServiceTests.swift in Sources */,
			
				1158ABD0BAC14CAE88EF0D16 /* OutputManagerTests.swift in Sources */,
				6B2BB9C7EBDC41319789EF2F /* HistoryStoreTests.swift in Sources */,);
			runOnlyForDeploymentPostprocessing = 0;
		};
/* End PBXSourcesBuildPhase section */

/* Begin PBXTargetDependency section */
		F0C1B134452E48C391DD6F8B /* PBXTargetDependency */ = {
			isa = PBXTargetDependency;
			target = 0FD823F73DCD48B08A2EDE97 /* Pindrop */;
			targetProxy = EA4676B79B4D48828872854F /* PBXContainerItemProxy */;
		};
/* End PBXTargetDependency section */

/* Begin XCBuildConfiguration section */
		9970B5DAF7B249B88C21B810 /* Debug */ = {
			isa = XCBuildConfiguration;
			buildSettings = {
				ALWAYS_SEARCH_USER_PATHS = NO;
				ASSETCATALOG_COMPILER_GENERATE_SWIFT_ASSET_SYMBOL_EXTENSIONS = YES;
				CLANG_ANALYZER_NONNULL = YES;
				CLANG_ANALYZER_NUMBER_OBJECT_CONVERSION = YES_AGGRESSIVE;
				CLANG_CXX_LANGUAGE_STANDARD = "gnu++20";
				CLANG_ENABLE_MODULES = YES;
				CLANG_ENABLE_OBJC_ARC = YES;
				CLANG_ENABLE_OBJC_WEAK = YES;
				CLANG_WARN_BLOCK_CAPTURE_AUTORELEASING = YES;
				CLANG_WARN_BOOL_CONVERSION = YES;
				CLANG_WARN_COMMA = YES;
				CLANG_WARN_CONSTANT_CONVERSION = YES;
				CLANG_WARN_DEPRECATED_OBJC_IMPLEMENTATIONS = YES;
				CLANG_WARN_DIRECT_OBJC_ISA_USAGE = YES_ERROR;
				CLANG_WARN_DOCUMENTATION_COMMENTS = YES;
				CLANG_WARN_EMPTY_BODY = YES;
				CLANG_WARN_ENUM_CONVERSION = YES;
				CLANG_WARN_INFINITE_RECURSION = YES;
				CLANG_WARN_INT_CONVERSION = YES;
				CLANG_WARN_NON_LITERAL_NULL_CONVERSION = YES;
				CLANG_WARN_OBJC_IMPLICIT_RETAIN_SELF = YES;
				CLANG_WARN_OBJC_LITERAL_CONVERSION = YES;
				CLANG_WARN_OBJC_ROOT_CLASS = YES_ERROR;
				CLANG_WARN_QUOTED_INCLUDE_IN_FRAMEWORK_HEADER = YES;
				CLANG_WARN_RANGE_LOOP_ANALYSIS = YES;
				CLANG_WARN_STRICT_PROTOTYPES = YES;
				CLANG_WARN_SUSPICIOUS_MOVE = YES;
				CLANG_WARN_UNGUARDED_AVAILABILITY = YES_AGGRESSIVE;
				CLANG_WARN_UNREACHABLE_CODE = YES;
				CLANG_WARN__DUPLICATE_METHOD_MATCH = YES;
				COPY_PHASE_STRIP = NO;
				DEBUG_INFORMATION_FORMAT = dwarf;
				ENABLE_STRICT_OBJC_MSGSEND = YES;
				ENABLE_TESTABILITY = YES;
				ENABLE_USER_SCRIPT_SANDBOXING = YES;
				GCC_C_LANGUAGE_STANDARD = gnu17;
				GCC_DYNAMIC_NO_PIC = NO;
				GCC_NO_COMMON_BLOCKS = YES;
				GCC_OPTIMIZATION_LEVEL = 0;
				GCC_PREPROCESSOR_DEFINITIONS = (
					"DEBUG=1",
					"$(inherited)",
				);
				GCC_WARN_64_TO_32_BIT_CONVERSION = YES;
				GCC_WARN_ABOUT_RETURN_TYPE = YES_ERROR;
				GCC_WARN_UNDECLARED_SELECTOR = YES;
				GCC_WARN_UNINITIALIZED_AUTOS = YES_AGGRESSIVE;
				GCC_WARN_UNUSED_FUNCTION = YES;
				GCC_WARN_UNUSED_VARIABLE = YES;
				LOCALIZATION_PREFERS_STRING_CATALOGS = YES;
				MACOSX_DEPLOYMENT_TARGET = 14.0;
				MTL_ENABLE_DEBUG_INFO = INCLUDE_SOURCE;
				MTL_FAST_MATH = YES;
				ONLY_ACTIVE_ARCH = YES;
				SDKROOT = macosx;
				SWIFT_ACTIVE_COMPILATION_CONDITIONS = "DEBUG $(inherited)";
				SWIFT_OPTIMIZATION_LEVEL = "-Onone";
			};
			name = Debug;
		};
		56B0E9F937994EEC981FCB7B /* Release */ = {
			isa = XCBuildConfiguration;
			buildSettings = {
				ALWAYS_SEARCH_USER_PATHS = NO;
				ASSETCATALOG_COMPILER_GENERATE_SWIFT_ASSET_SYMBOL_EXTENSIONS = YES;
				CLANG_ANALYZER_NONNULL = YES;
				CLANG_ANALYZER_NUMBER_OBJECT_CONVERSION = YES_AGGRESSIVE;
				CLANG_CXX_LANGUAGE_STANDARD = "gnu++20";
				CLANG_ENABLE_MODULES = YES;
				CLANG_ENABLE_OBJC_ARC = YES;
				CLANG_ENABLE_OBJC_WEAK = YES;
				CLANG_WARN_BLOCK_CAPTURE_AUTORELEASING = YES;
				CLANG_WARN_BOOL_CONVERSION = YES;
				CLANG_WARN_COMMA = YES;
				CLANG_WARN_CONSTANT_CONVERSION = YES;
				CLANG_WARN_DEPRECATED_OBJC_IMPLEMENTATIONS = YES;
				CLANG_WARN_DIRECT_OBJC_ISA_USAGE = YES_ERROR;
				CLANG_WARN_DOCUMENTATION_COMMENTS = YES;
				CLANG_WARN_EMPTY_BODY = YES;
				CLANG_WARN_ENUM_CONVERSION = YES;
				CLANG_WARN_INFINITE_RECURSION = YES;
				CLANG_WARN_INT_CONVERSION = YES;
				CLANG_WARN_NON_LITERAL_NULL_CONVERSION = YES;
				CLANG_WARN_OBJC_IMPLICIT_RETAIN_SELF = YES;
				CLANG_WARN_OBJC_LITERAL_CONVERSION = YES;
				CLANG_WARN_OBJC_ROOT_CLASS = YES_ERROR;
				CLANG_WARN_QUOTED_INCLUDE_IN_FRAMEWORK_HEADER = YES;
				CLANG_WARN_RANGE_LOOP_ANALYSIS = YES;
				CLANG_WARN_STRICT_PROTOTYPES = YES;
				CLANG_WARN_SUSPICIOUS_MOVE = YES;
				CLANG_WARN_UNGUARDED_AVAILABILITY = YES_AGGRESSIVE;
				CLANG_WARN_UNREACHABLE_CODE = YES;
				CLANG_WARN__DUPLICATE_METHOD_MATCH = YES;
				COPY_PHASE_STRIP = NO;
				DEBUG_INFORMATION_FORMAT = "dwarf-with-dsym";
				ENABLE_NS_ASSERTIONS = NO;
				ENABLE_STRICT_OBJC_MSGSEND = YES;
				ENABLE_USER_SCRIPT_SANDBOXING = YES;
				GCC_C_LANGUAGE_STANDARD = gnu17;
				GCC_NO_COMMON_BLOCKS = YES;
				GCC_WARN_64_TO_32_BIT_CONVERSION = YES;
				GCC_WARN_ABOUT_RETURN_TYPE = YES_ERROR;
				GCC_WARN_UNDECLARED_SELECTOR = YES;
				GCC_WARN_UNINITIALIZED_AUTOS = YES_AGGRESSIVE;
				GCC_WARN_UNUSED_FUNCTION = YES;
				GCC_WARN_UNUSED_VARIABLE = YES;
				LOCALIZATION_PREFERS_STRING_CATALOGS = YES;
				MACOSX_DEPLOYMENT_TARGET = 14.0;
				MTL_ENABLE_DEBUG_INFO = NO;
				MTL_FAST_MATH = YES;
				SDKROOT = macosx;
				SWIFT_COMPILATION_MODE = wholemodule;
			};
			name = Release;
		};
		43E6B155CC064EB6B87599AA /* Debug */ = {
			isa = XCBuildConfiguration;
			buildSettings = {
				ASSETCATALOG_COMPILER_APPICON_NAME = AppIcon;
				ASSETCATALOG_COMPILER_GLOBAL_ACCENT_COLOR_NAME = AccentColor;
				CODE_SIGN_ENTITLEMENTS = Pindrop/Pindrop.entitlements;
				CODE_SIGN_STYLE = Automatic;
				COMBINE_HIDPI_IMAGES = YES;
				CURRENT_PROJECT_VERSION = 1;
				DEVELOPMENT_ASSET_PATHS = "\"Pindrop/Preview Content\"";
				ENABLE_PREVIEWS = YES;
				GENERATE_INFOPLIST_FILE = NO;
				INFOPLIST_FILE = Pindrop/Info.plist;
				INFOPLIST_KEY_NSHumanReadableCopyright = "";
				INFOPLIST_KEY_NSMicrophoneUsageDescription = "Pindrop needs microphone access to transcribe your voice.";
				LD_RUNPATH_SEARCH_PATHS = (
					"$(inherited)",
					"@executable_path/../Frameworks",
				);
				MARKETING_VERSION = 1.0;
				PRODUCT_BUNDLE_IDENTIFIER = com.pindrop.app;
				PRODUCT_NAME = "$(TARGET_NAME)";
				SWIFT_EMIT_LOC_STRINGS = YES;
				SWIFT_VERSION = 5.0;
			};
			name = Debug;
		};
		ACFBF317EB984E0B81259D41 /* Release */ = {
			isa = XCBuildConfiguration;
			buildSettings = {
				ASSETCATALOG_COMPILER_APPICON_NAME = AppIcon;
				ASSETCATALOG_COMPILER_GLOBAL_ACCENT_COLOR_NAME = AccentColor;
				CODE_SIGN_ENTITLEMENTS = Pindrop/Pindrop.entitlements;
				CODE_SIGN_STYLE = Automatic;
				COMBINE_HIDPI_IMAGES = YES;
				CURRENT_PROJECT_VERSION = 1;
				DEVELOPMENT_ASSET_PATHS = "\"Pindrop/Preview Content\"";
				ENABLE_PREVIEWS = YES;
				GENERATE_INFOPLIST_FILE = NO;
				INFOPLIST_FILE = Pindrop/Info.plist;
				INFOPLIST_KEY_NSHumanReadableCopyright = "";
				INFOPLIST_KEY_NSMicrophoneUsageDescription = "Pindrop needs microphone access to transcribe your voice.";
				LD_RUNPATH_SEARCH_PATHS = (
					"$(inherited)",
					"@executable_path/../Frameworks",
				);
				MARKETING_VERSION = 1.0;
				PRODUCT_BUNDLE_IDENTIFIER = com.pindrop.app;
				PRODUCT_NAME = "$(TARGET_NAME)";
				SWIFT_EMIT_LOC_STRINGS = YES;
				SWIFT_VERSION = 5.0;
			};
			name = Release;
		};
		1B6FC9C1336E468D9423A6A1 /* Debug */ = {
			isa = XCBuildConfiguration;
			buildSettings = {
				BUNDLE_LOADER = "$(TEST_HOST)";
				CODE_SIGN_STYLE = Automatic;
				CURRENT_PROJECT_VERSION = 1;
				GENERATE_INFOPLIST_FILE = YES;
				MACOSX_DEPLOYMENT_TARGET = 14.0;
				MARKETING_VERSION = 1.0;
				PRODUCT_BUNDLE_IDENTIFIER = com.pindrop.app.tests;
				PRODUCT_NAME = "$(TARGET_NAME)";
				SWIFT_EMIT_LOC_STRINGS = NO;
				SWIFT_VERSION = 5.0;
				TEST_HOST = "$(BUILT_PRODUCTS_DIR)/Pindrop.app/$(BUNDLE_EXECUTABLE_FOLDER_PATH)/Pindrop";
			};
			name = Debug;
		};
		D454E3FD60AF4D7FBDA58E62 /* Release */ = {
			isa = XCBuildConfiguration;
			buildSettings = {
				BUNDLE_LOADER = "$(TEST_HOST)";
				CODE_SIGN_STYLE = Automatic;
				CURRENT_PROJECT_VERSION = 1;
				GENERATE_INFOPLIST_FILE = YES;
				MACOSX_DEPLOYMENT_TARGET = 14.0;
				MARKETING_VERSION = 1.0;
				PRODUCT_BUNDLE_IDENTIFIER = com.pindrop.app.tests;
				PRODUCT_NAME = "$(TARGET_NAME)";
				SWIFT_EMIT_LOC_STRINGS = NO;
				SWIFT_VERSION = 5.0;
				TEST_HOST = "$(BUILT_PRODUCTS_DIR)/Pindrop.app/$(BUNDLE_EXECUTABLE_FOLDER_PATH)/Pindrop";
			};
			name = Release;
		};
/* End XCBuildConfiguration section */

/* Begin XCConfigurationList section */
		CE6B2A8232E543F8A0E377DF /* Build configuration list for PBXProject "Pindrop" */ = {
			isa = XCConfigurationList;
			buildConfigurations = (
				9970B5DAF7B249B88C21B810 /* Debug */,
				56B0E9F937994EEC981FCB7B /* Release */,
			);
			defaultConfigurationIsVisible = 0;
			defaultConfigurationName = Release;
		};
		BC51A0710CA54327ADB4808B /* Build configuration list for PBXNativeTarget "Pindrop" */ = {
			isa = XCConfigurationList;
			buildConfigurations = (
				43E6B155CC064EB6B87599AA /* Debug */,
				ACFBF317EB984E0B81259D41 /* Release */,
			);
			defaultConfigurationIsVisible = 0;
			defaultConfigurationName = Release;
		};
		327124D8751B4EAD848A604E /* Build configuration list for PBXNativeTarget "PindropTests" */ = {
			isa = XCConfigurationList;
			buildConfigurations = (
				1B6FC9C1336E468D9423A6A1 /* Debug */,
				D454E3FD60AF4D7FBDA58E62 /* Release */,
			);
			defaultConfigurationIsVisible = 0;
			defaultConfigurationName = Release;
		};
/* End XCConfigurationList section */

/* Begin XCRemoteSwiftPackageReference section */
		CFD28D45C1FE4DF09ED8A269 /* XCRemoteSwiftPackageReference "WhisperKit" */ = {
			isa = XCRemoteSwiftPackageReference;
			repositoryURL = "https://github.com/argmaxinc/WhisperKit.git";
			requirement = {
				kind = upToNextMajorVersion;
				minimumVersion = 0.9.0;
			};
		};
/* End XCRemoteSwiftPackageReference section */

/* Begin XCSwiftPackageProductDependency section */
		563D563B8CE142449E7030FB /* WhisperKit */ = {
			isa = XCSwiftPackageProductDependency;
			package = CFD28D45C1FE4DF09ED8A269 /* XCRemoteSwiftPackageReference "WhisperKit" */;
			productName = WhisperKit;
		};
/* End XCSwiftPackageProductDependency section */
	};
	rootObject = 776C744285EF4862B4D98FA8 /* Project object */;
}
